
Microsoft Visual Studio Solution File, Format Version 12.00
# Visual Studio Version 17
VisualStudioVersion = 17.4.33205.214
MinimumVisualStudioVersion = 10.0.40219.1
Project("{2150E333-8FDC-42A3-9474-1A3956D46DE8}") = "Core", "Core", "{72F184F7-21FC-47CB-B5DD-EBF2B30FD7FE}"
EndProject
Project("{9A19103F-16F7-4668-BE54-9A1E7A4F7556}") = "OpenDMS.Core", "Core\OpenDMS.Core\OpenDMS.Core.csproj", "{6038E71D-195E-4E27-81DD-0F5DDD0290C0}"
EndProject
Project("{9A19103F-16F7-4668-BE54-9A1E7A4F7556}") = "OpenDMS.Domain", "Core\OpenDMS.Domain\OpenDMS.Domain.csproj", "{708DCFB5-A781-47D6-90B5-80376D1F7B9C}"
EndProject
Project("{9A19103F-16F7-4668-BE54-9A1E7A4F7556}") = "OpenDMS.Infrastructure.Database", "Core\OpenDMS.Infrastructure.Database\OpenDMS.Infrastructure.Database.csproj", "{356BDFB9-00F9-4AD1-840D-6723AF178EDD}"
EndProject
Project("{9A19103F-16F7-4668-BE54-9A1E7A4F7556}") = "OpenDMS.Infrastructure.Services", "Core\OpenDMS.Infrastructure.Services\OpenDMS.Infrastructure.Services.csproj", "{A4AA2A4A-593F-4882-AC83-C5436E74744D}"
EndProject
Project("{2150E333-8FDC-42A3-9474-1A3956D46DE8}") = "API", "API", "{81E82617-D748-46B4-A330-A0C0E2A30F20}"
EndProject
Project("{9A19103F-16F7-4668-BE54-9A1E7A4F7556}") = "OpenDMS.TenantManager.API", "API\OpenDMS.TenantManager.API\OpenDMS.TenantManager.API\OpenDMS.TenantManager.API.csproj", "{05E996DD-556F-49AE-8EC9-700163702CC6}"
EndProject
Project("{9A19103F-16F7-4668-BE54-9A1E7A4F7556}") = "OpenDMS.Preview.API", "API\OpenDMS.Preview.API\OpenDMS.Preview.API\OpenDMS.Preview.API.csproj", "{50079F3B-AD1F-4D66-B9C6-A151557FCC5D}"
EndProject
Project("{9A19103F-16F7-4668-BE54-9A1E7A4F7556}") = "OpenDMS.UserManager.API", "API\OpenDMS.Identity.API\OpenDMS.Identity.API\OpenDMS.UserManager.API.csproj", "{CE14CFE6-5D12-4B20-A15B-759961CE1F98}"
EndProject
Project("{9A19103F-16F7-4668-BE54-9A1E7A4F7556}") = "OpenDMS.DocumentManager.API", "API\OpenDMS.Document.API\OpenDMS.Document.API\OpenDMS.DocumentManager.API.csproj", "{A7CCB2B3-7F6F-44B6-9A2C-660D8A8EBD75}"
EndProject
Project("{9A19103F-16F7-4668-BE54-9A1E7A4F7556}") = "OpenDMS.MultiTenancy", "Core\OpenDMS.MultiTenancy\OpenDMS.MultiTenancy.csproj", "{967AB441-F57F-4D1C-83E8-4930441CC199}"
EndProject
Project("{9A19103F-16F7-4668-BE54-9A1E7A4F7556}") = "OpenDMS.Infrastructure.VirtualFileSystem", "Core\OpenDMS.Infrastructure.VirtualFileSystem\OpenDMS.Infrastructure.VirtualFileSystem.csproj", "{EC37B265-2B89-4114-B325-0B609369FD10}"
EndProject
Project("{2150E333-8FDC-42A3-9474-1A3956D46DE8}") = "TenantManager", "TenantManager", "{9230F001-BA11-4DF2-AB21-111DAF68D72F}"
EndProject
Project("{9A19103F-16F7-4668-BE54-9A1E7A4F7556}") = "OpenDMS.TenantManager.API.Tests", "API\OpenDMS.TenantManager.API\OpenDMS.TenantManager.API.Tests\OpenDMS.TenantManager.API.Tests.csproj", "{C224F70B-A274-4863-9C60-5EA6DF80CEAA}"
EndProject
Project("{2150E333-8FDC-42A3-9474-1A3956D46DE8}") = "Preview", "Preview", "{978E66B0-0CFA-408E-B352-6021916971C8}"
EndProject
Project("{2150E333-8FDC-42A3-9474-1A3956D46DE8}") = "DocumentManager", "DocumentManager", "{01E5B6B9-4741-42A6-8942-815CC1749428}"
EndProject
Project("{2150E333-8FDC-42A3-9474-1A3956D46DE8}") = "Search", "Search", "{6BFEEF86-B4B0-4E8A-894C-0BE05168E05C}"
EndProject
Project("{2150E333-8FDC-42A3-9474-1A3956D46DE8}") = "Identity", "Identity", "{8161FFD7-C537-41CF-A361-75404568C887}"
EndProject
Project("{9A19103F-16F7-4668-BE54-9A1E7A4F7556}") = "OpenDMS.Search.API", "API\OpenDMS.Search.API\OpenDMS.Search.API\OpenDMS.Search.API.csproj", "{B6309237-837B-4285-A25B-79B3A913E15C}"
EndProject
Project("{9A19103F-16F7-4668-BE54-9A1E7A4F7556}") = "OpenDMS.UserManager.API.Tests", "API\OpenDMS.Identity.API\OpenDMS.UserManager.API.Tests\OpenDMS.UserManager.API.Tests.csproj", "{60487FA3-6AF4-4AD3-9B81-474B3F02ACDF}"
EndProject
Project("{9A19103F-16F7-4668-BE54-9A1E7A4F7556}") = "OpenDMS.DocumentManager.API.Tests", "API\OpenDMS.Document.API\OpenDMS.Document.API.Tests\OpenDMS.DocumentManager.API.Tests.csproj", "{212D4FAE-F921-4FE6-90A7-A68B8858AC93}"
EndProject
Project("{9A19103F-16F7-4668-BE54-9A1E7A4F7556}") = "OpenDMS.PdfManager", "Core\OpenDMS.PdfManager\OpenDMS.PdfManager.csproj", "{8B5E2B05-87BF-4AF3-945E-D988FEDDA471}"
EndProject
Project("{9A19103F-16F7-4668-BE54-9A1E7A4F7556}") = "OpenDMS.Tasklist.API", "API\OpenDMS.TaskList.API\OpenDMS.TaskList.API\OpenDMS.Tasklist.API.csproj", "{CC278902-184D-4C47-AA2B-243726777A0E}"
EndProject
Project("{2150E333-8FDC-42A3-9474-1A3956D46DE8}") = "TaskList", "TaskList", "{26FDE92D-0AA9-40EC-9EE5-BC74C13473F9}"
EndProject
Project("{9A19103F-16F7-4668-BE54-9A1E7A4F7556}") = "OpenDMS.Infrastructure.Database.Tests", "Core\Tests\OpenDMS.Infrastructure.Database.Tests\OpenDMS.Infrastructure.Database.Tests.csproj", "{C0ACA860-07D2-42EA-8720-CD4C5B825802}"
EndProject
Project("{2150E333-8FDC-42A3-9474-1A3956D46DE8}") = "Tests", "Tests", "{995CB48B-7213-44A7-943A-49ED61E1D360}"
EndProject
Project("{9A19103F-16F7-4668-BE54-9A1E7A4F7556}") = "OpenDMS.Startup", "Core\OpenDMS.Startup\OpenDMS.Startup.csproj", "{91626741-28C5-48B9-96C3-6D0894125C5B}"
EndProject
Project("{9A19103F-16F7-4668-BE54-9A1E7A4F7556}") = "Elmi.Core.MessageBus.Interface", "Core\Library\MessageBus.Interface\Elmi.Core.MessageBus.Interface.csproj", "{C40B9221-4096-4150-93A7-85D77AE29541}"
EndProject
Project("{2150E333-8FDC-42A3-9474-1A3956D46DE8}") = "Library", "Library", "{F2AE2194-C935-4CD3-9B61-78493D5E3303}"
EndProject
Project("{9A19103F-16F7-4668-BE54-9A1E7A4F7556}") = "Elmi.Core.MessageBus.RabbitMQ", "Core\Library\MessageBus.RabbitMQ\Elmi.Core.MessageBus.RabbitMQ.csproj", "{7406365D-E1B2-4E93-895C-A16B989987CB}"
EndProject
Project("{9A19103F-16F7-4668-BE54-9A1E7A4F7556}") = "Elmi.Core.DataAccess", "Core\Library\Elmi.Core.DataAccess\Elmi.Core.DataAccess.csproj", "{9B3A8879-09AD-441A-AAA5-0732B9A64E70}"
EndProject
Project("{9A19103F-16F7-4668-BE54-9A1E7A4F7556}") = "Elmi.Core.DataAccess.Interfaces", "Core\Library\Elmi.Core.DataAccess.Interfaces\Elmi.Core.DataAccess.Interfaces.csproj", "{C76C97AA-7719-46FF-877F-6B6F764CEC65}"
EndProject
Project("{9A19103F-16F7-4668-BE54-9A1E7A4F7556}") = "OpenDMS.Tasklist.API.Tests", "API\OpenDMS.TaskList.API\OpenDMS.Tasklist.API.Tests\OpenDMS.Tasklist.API.Tests.csproj", "{AA1FD003-8B0F-4D83-9E1C-59072EC9A207}"
EndProject
Project("{2150E333-8FDC-42A3-9474-1A3956D46DE8}") = "Core.Database", "Core.Database", "{1CB0F8D7-4AB5-44A6-9C44-5AFF3B052D39}"
EndProject
Project("{2150E333-8FDC-42A3-9474-1A3956D46DE8}") = "Core.MessageBus", "Core.MessageBus", "{E9C1EAA0-0BD8-4FB2-ADE4-6184DE1BE279}"
EndProject
Project("{2150E333-8FDC-42A3-9474-1A3956D46DE8}") = "Core.Files", "Core.Files", "{712D7671-CF6A-4BD9-85B3-F571D921C553}"
EndProject
Project("{9A19103F-16F7-4668-BE54-9A1E7A4F7556}") = "Elmi.Core.FileConverters", "Core\Library\Elmi.Core.FileTypes\Elmi.Core.FileConverters.csproj", "{D4BA3AB0-90D1-4335-A6A9-D1B2684F8928}"
EndProject
Project("{2150E333-8FDC-42A3-9474-1A3956D46DE8}") = "FrontEnd", "FrontEnd", "{1A5368B0-EF4C-4F26-AD4D-70AAF5D05799}"
EndProject
Project("{2150E333-8FDC-42A3-9474-1A3956D46DE8}") = "Workflow", "Workflow", "{DDCADC8E-05F2-4EAE-A7D2-18481537EE3F}"
EndProject
Project("{9A19103F-16F7-4668-BE54-9A1E7A4F7556}") = "OpenDMS.Workflow.API", "API\OpenDMS.Workflow.API\OpenDMS.Workflow.API\OpenDMS.Workflow.API.csproj", "{8B8A270E-B74F-4F08-A2C2-ECC7B7C2159C}"
EndProject
Project("{9A19103F-16F7-4668-BE54-9A1E7A4F7556}") = "OpenDMS.MailSpooler.Core", "Core\OpenDMS.MailSpooler.Core\OpenDMS.MailSpooler.Core.csproj", "{169A226B-D08A-4D26-A65E-0B734357DB40}"
EndProject
Project("{2150E333-8FDC-42A3-9474-1A3956D46DE8}") = "A3Synch", "A3Synch", "{E7EE6642-05AA-4965-834F-8BC62CB89B30}"
EndProject
Project("{9A19103F-16F7-4668-BE54-9A1E7A4F7556}") = "OpenDMS.A3Synch.API", "API\OpenDMS.A3Synch.API\OpenDMS.A3Synch.API\OpenDMS.A3Synch.API.csproj", "{E3F1C91B-A259-4323-A915-7DB8D6C4855B}"
EndProject
Project("{2150E333-8FDC-42A3-9474-1A3956D46DE8}") = "MailSpooler", "MailSpooler", "{CFD8B68C-78FC-4014-8896-CE8E28B4F406}"
EndProject
Project("{9A19103F-16F7-4668-BE54-9A1E7A4F7556}") = "OpenDMS.MailSpooler.API", "API\OpenDMS.MailSpooler.API\OpenDMS.MailSpooler.API\OpenDMS.MailSpooler.API.csproj", "{4620700B-BD19-4B3D-BEF3-735D0BC6CF75}"
EndProject
Project("{9A19103F-16F7-4668-BE54-9A1E7A4F7556}") = "OpenDMS.MailSpooler.API.Test", "API\OpenDMS.MailSpooler.API\OpenDMS.MailSpooler.API.Test\OpenDMS.MailSpooler.API.Test.csproj", "{D239B667-018A-491C-99CE-288FB94B001B}"
EndProject
Project("{9A19103F-16F7-4668-BE54-9A1E7A4F7556}") = "Web", "Document\Web\Web.csproj", "{AC4486E4-D2F0-488E-AEB6-A8A3AD290B1D}"
EndProject
Project("{9A19103F-16F7-4668-BE54-9A1E7A4F7556}") = "OpenDMS.CustomPages", "Core\OpenDMS.CustomPages\OpenDMS.CustomPages.csproj", "{1B4827AA-944D-40A0-A66F-C846922AEB7E}"
EndProject
Project("{9A19103F-16F7-4668-BE54-9A1E7A4F7556}") = "OpenDMS.Core.LuceneIndexer", "Core\OpenDMS.Core.Lucene\OpenDMS.Core.LuceneIndexer.csproj", "{7B067105-6485-4F1D-8A59-03C668871212}"
EndProject
Project("{2150E333-8FDC-42A3-9474-1A3956D46DE8}") = "MaximoSR", "MaximoSR", "{604E1A0F-55CE-4BC4-9DBF-82C69C1ACC9E}"
EndProject
Project("{9A19103F-16F7-4668-BE54-9A1E7A4F7556}") = "OpenDMS.MaximoSR.API", "API\OpenDMS.MaximoSR.API\OpenDMS.MaximoSR.API.csproj", "{FAA7FAD1-22C7-4A83-8D75-0FD0264FEA2D}"
EndProject
Project("{2150E333-8FDC-42A3-9474-1A3956D46DE8}") = "TitulusIntegration", "TitulusIntegration", "{39A0F220-EA32-4C0E-9D01-E7E7A6013F87}"
EndProject
Project("{9A19103F-16F7-4668-BE54-9A1E7A4F7556}") = "OpenDMS.TitulusIntegration.API", "API\OpenDMS.TitulusIntegration.API\OpenDMS.TitulusIntegration.API\OpenDMS.TitulusIntegration.API.csproj", "{539543EF-E9DA-4B3A-93C3-396285B03189}"
EndProject
Project("{2150E333-8FDC-42A3-9474-1A3956D46DE8}") = "RemoteSign", "RemoteSign", "{5DA96C69-A1D4-4E04-BB54-E4F9146B7AA6}"
EndProject
Project("{9A19103F-16F7-4668-BE54-9A1E7A4F7556}") = "FirmeRemoteLib", "API\OpenDMS.RemoteSign.API\FirmeRemoteLib\FirmeRemoteLib.csproj", "{5705D4E5-D1BB-4A84-BF4B-A341D380DF28}"
EndProject
Project("{9A19103F-16F7-4668-BE54-9A1E7A4F7556}") = "RemoteSignInfocert", "API\OpenDMS.RemoteSign.API\RemoteSignInfocert\RemoteSignInfocert.csproj", "{7DF4BDF5-E894-421C-99F1-612E3DDDBB25}"
EndProject
Project("{9A19103F-16F7-4668-BE54-9A1E7A4F7556}") = "DigitalSignService", "Document\DigitalSignService\DigitalSignService.csproj", "{16CFE68D-187E-4606-873C-2A9537F63B4D}"
EndProject
Project("{9A19103F-16F7-4668-BE54-9A1E7A4F7556}") = "Core.DigitalSignature", "Core\Library\Core.DigitalSignature\Core.DigitalSignature.csproj", "{D4FF0488-8E17-4371-BA8F-2C4F2E643BEB}"
EndProject
Project("{9A19103F-16F7-4668-BE54-9A1E7A4F7556}") = "OpenDMS.Preservation.Core", "Workers\OpenDMS.Preservation\OpenDMS.Preservation.Core\OpenDMS.Preservation.Core.csproj", "{E68DAAEF-813D-496F-8A70-FE7620554DDE}"
EndProject
Project("{9A19103F-16F7-4668-BE54-9A1E7A4F7556}") = "OpenDMS.Preservation.API", "Workers\OpenDMS.Preservation\OpenDMS.Preservation.API\OpenDMS.Preservation.API.csproj", "{ADFF577C-DF60-48F7-ADD6-9BE7B1D1FA42}"
EndProject
Project("{9A19103F-16F7-4668-BE54-9A1E7A4F7556}") = "OpenDMS.Reports", "Core\OpenDMS.Reports\OpenDMS.Reports.csproj", "{257B71E5-4316-4E4C-AFF5-92A971139C41}"
EndProject
Project("{9A19103F-16F7-4668-BE54-9A1E7A4F7556}") = "OpenDMS.Core.Tests", "Core\Tests\OpenDMS.Core.Tests\OpenDMS.Core.Tests.csproj", "{F165565D-6E5B-42CA-9452-C4BA061585A5}"
EndProject
Project("{2150E333-8FDC-42A3-9474-1A3956D46DE8}") = "Preservation", "Preservation", "{6AAC1F10-63EF-4E51-9438-D2D2728147C4}"
EndProject
Project("{9A19103F-16F7-4668-BE54-9A1E7A4F7556}") = "Core.TitulusIntegration.Test", "Core\Library\Core.TitulusIntegration.Test\Core.TitulusIntegration.Test.csproj", "{705561B0-81E3-4096-A056-BEC9943532A9}"
EndProject
Project("{9A19103F-16F7-4668-BE54-9A1E7A4F7556}") = "Core.TitulusIntegration", "Core\Library\Core.TitulusIntegration\Core.TitulusIntegration.csproj", "{F0C6E84A-5A8F-4EB9-9DDC-BEFE38084A7B}"
EndProject
Project("{9A19103F-16F7-4668-BE54-9A1E7A4F7556}") = "OpenDMS.PdfManager.test", "Core\OpenDMS.PdfManager.test\OpenDMS.PdfManager.test.csproj", "{69186B2B-86D5-45ED-8825-91FAA2BB81F0}"
EndProject
Project("{9A19103F-16F7-4668-BE54-9A1E7A4F7556}") = "Core.DigitalSignature.Test", "Core\Library\Core.DigitalSignature.Tests\Core.DigitalSignature.Test.csproj", "{69CE24C4-B2E7-4466-B065-E9AFA32F1CF9}"
EndProject
Global
	GlobalSection(SolutionConfigurationPlatforms) = preSolution
		Debug|Any CPU = Debug|Any CPU
		Debug|ARM = Debug|ARM
		Debug|ARM64 = Debug|ARM64
		Debug|x64 = Debug|x64
		Debug|x86 = Debug|x86
		Release|Any CPU = Release|Any CPU
		Release|ARM = Release|ARM
		Release|ARM64 = Release|ARM64
		Release|x64 = Release|x64
		Release|x86 = Release|x86
	EndGlobalSection
	GlobalSection(ProjectConfigurationPlatforms) = postSolution
		{6038E71D-195E-4E27-81DD-0F5DDD0290C0}.Debug|Any CPU.ActiveCfg = Debug|Any CPU
		{6038E71D-195E-4E27-81DD-0F5DDD0290C0}.Debug|Any CPU.Build.0 = Debug|Any CPU
		{6038E71D-195E-4E27-81DD-0F5DDD0290C0}.Debug|ARM.ActiveCfg = Debug|Any CPU
		{6038E71D-195E-4E27-81DD-0F5DDD0290C0}.Debug|ARM.Build.0 = Debug|Any CPU
		{6038E71D-195E-4E27-81DD-0F5DDD0290C0}.Debug|ARM64.ActiveCfg = Debug|Any CPU
		{6038E71D-195E-4E27-81DD-0F5DDD0290C0}.Debug|ARM64.Build.0 = Debug|Any CPU
		{6038E71D-195E-4E27-81DD-0F5DDD0290C0}.Debug|x64.ActiveCfg = Debug|Any CPU
		{6038E71D-195E-4E27-81DD-0F5DDD0290C0}.Debug|x64.Build.0 = Debug|Any CPU
		{6038E71D-195E-4E27-81DD-0F5DDD0290C0}.Debug|x86.ActiveCfg = Debug|Any CPU
		{6038E71D-195E-4E27-81DD-0F5DDD0290C0}.Debug|x86.Build.0 = Debug|Any CPU
		{6038E71D-195E-4E27-81DD-0F5DDD0290C0}.Release|Any CPU.ActiveCfg = Release|Any CPU
		{6038E71D-195E-4E27-81DD-0F5DDD0290C0}.Release|Any CPU.Build.0 = Release|Any CPU
		{6038E71D-195E-4E27-81DD-0F5DDD0290C0}.Release|ARM.ActiveCfg = Release|Any CPU
		{6038E71D-195E-4E27-81DD-0F5DDD0290C0}.Release|ARM.Build.0 = Release|Any CPU
		{6038E71D-195E-4E27-81DD-0F5DDD0290C0}.Release|ARM64.ActiveCfg = Release|Any CPU
		{6038E71D-195E-4E27-81DD-0F5DDD0290C0}.Release|ARM64.Build.0 = Release|Any CPU
		{6038E71D-195E-4E27-81DD-0F5DDD0290C0}.Release|x64.ActiveCfg = Release|Any CPU
		{6038E71D-195E-4E27-81DD-0F5DDD0290C0}.Release|x64.Build.0 = Release|Any CPU
		{6038E71D-195E-4E27-81DD-0F5DDD0290C0}.Release|x86.ActiveCfg = Release|Any CPU
		{6038E71D-195E-4E27-81DD-0F5DDD0290C0}.Release|x86.Build.0 = Release|Any CPU
		{708DCFB5-A781-47D6-90B5-80376D1F7B9C}.Debug|Any CPU.ActiveCfg = Debug|Any CPU
		{708DCFB5-A781-47D6-90B5-80376D1F7B9C}.Debug|Any CPU.Build.0 = Debug|Any CPU
		{708DCFB5-A781-47D6-90B5-80376D1F7B9C}.Debug|ARM.ActiveCfg = Debug|Any CPU
		{708DCFB5-A781-47D6-90B5-80376D1F7B9C}.Debug|ARM.Build.0 = Debug|Any CPU
		{708DCFB5-A781-47D6-90B5-80376D1F7B9C}.Debug|ARM64.ActiveCfg = Debug|Any CPU
		{708DCFB5-A781-47D6-90B5-80376D1F7B9C}.Debug|ARM64.Build.0 = Debug|Any CPU
		{708DCFB5-A781-47D6-90B5-80376D1F7B9C}.Debug|x64.ActiveCfg = Debug|Any CPU
		{708DCFB5-A781-47D6-90B5-80376D1F7B9C}.Debug|x64.Build.0 = Debug|Any CPU
		{708DCFB5-A781-47D6-90B5-80376D1F7B9C}.Debug|x86.ActiveCfg = Debug|Any CPU
		{708DCFB5-A781-47D6-90B5-80376D1F7B9C}.Debug|x86.Build.0 = Debug|Any CPU
		{708DCFB5-A781-47D6-90B5-80376D1F7B9C}.Release|Any CPU.ActiveCfg = Release|Any CPU
		{708DCFB5-A781-47D6-90B5-80376D1F7B9C}.Release|Any CPU.Build.0 = Release|Any CPU
		{708DCFB5-A781-47D6-90B5-80376D1F7B9C}.Release|ARM.ActiveCfg = Release|Any CPU
		{708DCFB5-A781-47D6-90B5-80376D1F7B9C}.Release|ARM.Build.0 = Release|Any CPU
		{708DCFB5-A781-47D6-90B5-80376D1F7B9C}.Release|ARM64.ActiveCfg = Release|Any CPU
		{708DCFB5-A781-47D6-90B5-80376D1F7B9C}.Release|ARM64.Build.0 = Release|Any CPU
		{708DCFB5-A781-47D6-90B5-80376D1F7B9C}.Release|x64.ActiveCfg = Release|Any CPU
		{708DCFB5-A781-47D6-90B5-80376D1F7B9C}.Release|x64.Build.0 = Release|Any CPU
		{708DCFB5-A781-47D6-90B5-80376D1F7B9C}.Release|x86.ActiveCfg = Release|Any CPU
		{708DCFB5-A781-47D6-90B5-80376D1F7B9C}.Release|x86.Build.0 = Release|Any CPU
		{356BDFB9-00F9-4AD1-840D-6723AF178EDD}.Debug|Any CPU.ActiveCfg = Debug|Any CPU
		{356BDFB9-00F9-4AD1-840D-6723AF178EDD}.Debug|Any CPU.Build.0 = Debug|Any CPU
		{356BDFB9-00F9-4AD1-840D-6723AF178EDD}.Debug|ARM.ActiveCfg = Debug|Any CPU
		{356BDFB9-00F9-4AD1-840D-6723AF178EDD}.Debug|ARM.Build.0 = Debug|Any CPU
		{356BDFB9-00F9-4AD1-840D-6723AF178EDD}.Debug|ARM64.ActiveCfg = Debug|Any CPU
		{356BDFB9-00F9-4AD1-840D-6723AF178EDD}.Debug|ARM64.Build.0 = Debug|Any CPU
		{356BDFB9-00F9-4AD1-840D-6723AF178EDD}.Debug|x64.ActiveCfg = Debug|Any CPU
		{356BDFB9-00F9-4AD1-840D-6723AF178EDD}.Debug|x64.Build.0 = Debug|Any CPU
		{356BDFB9-00F9-4AD1-840D-6723AF178EDD}.Debug|x86.ActiveCfg = Debug|Any CPU
		{356BDFB9-00F9-4AD1-840D-6723AF178EDD}.Debug|x86.Build.0 = Debug|Any CPU
		{356BDFB9-00F9-4AD1-840D-6723AF178EDD}.Release|Any CPU.ActiveCfg = Release|Any CPU
		{356BDFB9-00F9-4AD1-840D-6723AF178EDD}.Release|Any CPU.Build.0 = Release|Any CPU
		{356BDFB9-00F9-4AD1-840D-6723AF178EDD}.Release|ARM.ActiveCfg = Release|Any CPU
		{356BDFB9-00F9-4AD1-840D-6723AF178EDD}.Release|ARM.Build.0 = Release|Any CPU
		{356BDFB9-00F9-4AD1-840D-6723AF178EDD}.Release|ARM64.ActiveCfg = Release|Any CPU
		{356BDFB9-00F9-4AD1-840D-6723AF178EDD}.Release|ARM64.Build.0 = Release|Any CPU
		{356BDFB9-00F9-4AD1-840D-6723AF178EDD}.Release|x64.ActiveCfg = Release|Any CPU
		{356BDFB9-00F9-4AD1-840D-6723AF178EDD}.Release|x64.Build.0 = Release|Any CPU
		{356BDFB9-00F9-4AD1-840D-6723AF178EDD}.Release|x86.ActiveCfg = Release|Any CPU
		{356BDFB9-00F9-4AD1-840D-6723AF178EDD}.Release|x86.Build.0 = Release|Any CPU
		{A4AA2A4A-593F-4882-AC83-C5436E74744D}.Debug|Any CPU.ActiveCfg = Debug|Any CPU
		{A4AA2A4A-593F-4882-AC83-C5436E74744D}.Debug|Any CPU.Build.0 = Debug|Any CPU
		{A4AA2A4A-593F-4882-AC83-C5436E74744D}.Debug|ARM.ActiveCfg = Debug|Any CPU
		{A4AA2A4A-593F-4882-AC83-C5436E74744D}.Debug|ARM.Build.0 = Debug|Any CPU
		{A4AA2A4A-593F-4882-AC83-C5436E74744D}.Debug|ARM64.ActiveCfg = Debug|Any CPU
		{A4AA2A4A-593F-4882-AC83-C5436E74744D}.Debug|ARM64.Build.0 = Debug|Any CPU
		{A4AA2A4A-593F-4882-AC83-C5436E74744D}.Debug|x64.ActiveCfg = Debug|Any CPU
		{A4AA2A4A-593F-4882-AC83-C5436E74744D}.Debug|x64.Build.0 = Debug|Any CPU
		{A4AA2A4A-593F-4882-AC83-C5436E74744D}.Debug|x86.ActiveCfg = Debug|Any CPU
		{A4AA2A4A-593F-4882-AC83-C5436E74744D}.Debug|x86.Build.0 = Debug|Any CPU
		{A4AA2A4A-593F-4882-AC83-C5436E74744D}.Release|Any CPU.ActiveCfg = Release|Any CPU
		{A4AA2A4A-593F-4882-AC83-C5436E74744D}.Release|Any CPU.Build.0 = Release|Any CPU
		{A4AA2A4A-593F-4882-AC83-C5436E74744D}.Release|ARM.ActiveCfg = Release|Any CPU
		{A4AA2A4A-593F-4882-AC83-C5436E74744D}.Release|ARM.Build.0 = Release|Any CPU
		{A4AA2A4A-593F-4882-AC83-C5436E74744D}.Release|ARM64.ActiveCfg = Release|Any CPU
		{A4AA2A4A-593F-4882-AC83-C5436E74744D}.Release|ARM64.Build.0 = Release|Any CPU
		{A4AA2A4A-593F-4882-AC83-C5436E74744D}.Release|x64.ActiveCfg = Release|Any CPU
		{A4AA2A4A-593F-4882-AC83-C5436E74744D}.Release|x64.Build.0 = Release|Any CPU
		{A4AA2A4A-593F-4882-AC83-C5436E74744D}.Release|x86.ActiveCfg = Release|Any CPU
		{A4AA2A4A-593F-4882-AC83-C5436E74744D}.Release|x86.Build.0 = Release|Any CPU
		{05E996DD-556F-49AE-8EC9-700163702CC6}.Debug|Any CPU.ActiveCfg = Debug|Any CPU
		{05E996DD-556F-49AE-8EC9-700163702CC6}.Debug|Any CPU.Build.0 = Debug|Any CPU
		{05E996DD-556F-49AE-8EC9-700163702CC6}.Debug|ARM.ActiveCfg = Debug|Any CPU
		{05E996DD-556F-49AE-8EC9-700163702CC6}.Debug|ARM.Build.0 = Debug|Any CPU
		{05E996DD-556F-49AE-8EC9-700163702CC6}.Debug|ARM64.ActiveCfg = Debug|Any CPU
		{05E996DD-556F-49AE-8EC9-700163702CC6}.Debug|ARM64.Build.0 = Debug|Any CPU
		{05E996DD-556F-49AE-8EC9-700163702CC6}.Debug|x64.ActiveCfg = Debug|Any CPU
		{05E996DD-556F-49AE-8EC9-700163702CC6}.Debug|x64.Build.0 = Debug|Any CPU
		{05E996DD-556F-49AE-8EC9-700163702CC6}.Debug|x86.ActiveCfg = Debug|Any CPU
		{05E996DD-556F-49AE-8EC9-700163702CC6}.Debug|x86.Build.0 = Debug|Any CPU
		{05E996DD-556F-49AE-8EC9-700163702CC6}.Release|Any CPU.ActiveCfg = Release|Any CPU
		{05E996DD-556F-49AE-8EC9-700163702CC6}.Release|Any CPU.Build.0 = Release|Any CPU
		{05E996DD-556F-49AE-8EC9-700163702CC6}.Release|ARM.ActiveCfg = Release|Any CPU
		{05E996DD-556F-49AE-8EC9-700163702CC6}.Release|ARM.Build.0 = Release|Any CPU
		{05E996DD-556F-49AE-8EC9-700163702CC6}.Release|ARM64.ActiveCfg = Release|Any CPU
		{05E996DD-556F-49AE-8EC9-700163702CC6}.Release|ARM64.Build.0 = Release|Any CPU
		{05E996DD-556F-49AE-8EC9-700163702CC6}.Release|x64.ActiveCfg = Release|Any CPU
		{05E996DD-556F-49AE-8EC9-700163702CC6}.Release|x64.Build.0 = Release|Any CPU
		{05E996DD-556F-49AE-8EC9-700163702CC6}.Release|x86.ActiveCfg = Release|Any CPU
		{05E996DD-556F-49AE-8EC9-700163702CC6}.Release|x86.Build.0 = Release|Any CPU
		{50079F3B-AD1F-4D66-B9C6-A151557FCC5D}.Debug|Any CPU.ActiveCfg = Debug|Any CPU
		{50079F3B-AD1F-4D66-B9C6-A151557FCC5D}.Debug|Any CPU.Build.0 = Debug|Any CPU
		{50079F3B-AD1F-4D66-B9C6-A151557FCC5D}.Debug|ARM.ActiveCfg = Debug|Any CPU
		{50079F3B-AD1F-4D66-B9C6-A151557FCC5D}.Debug|ARM.Build.0 = Debug|Any CPU
		{50079F3B-AD1F-4D66-B9C6-A151557FCC5D}.Debug|ARM64.ActiveCfg = Debug|Any CPU
		{50079F3B-AD1F-4D66-B9C6-A151557FCC5D}.Debug|ARM64.Build.0 = Debug|Any CPU
		{50079F3B-AD1F-4D66-B9C6-A151557FCC5D}.Debug|x64.ActiveCfg = Debug|Any CPU
		{50079F3B-AD1F-4D66-B9C6-A151557FCC5D}.Debug|x64.Build.0 = Debug|Any CPU
		{50079F3B-AD1F-4D66-B9C6-A151557FCC5D}.Debug|x86.ActiveCfg = Debug|Any CPU
		{50079F3B-AD1F-4D66-B9C6-A151557FCC5D}.Debug|x86.Build.0 = Debug|Any CPU
		{50079F3B-AD1F-4D66-B9C6-A151557FCC5D}.Release|Any CPU.ActiveCfg = Release|Any CPU
		{50079F3B-AD1F-4D66-B9C6-A151557FCC5D}.Release|Any CPU.Build.0 = Release|Any CPU
		{50079F3B-AD1F-4D66-B9C6-A151557FCC5D}.Release|ARM.ActiveCfg = Release|Any CPU
		{50079F3B-AD1F-4D66-B9C6-A151557FCC5D}.Release|ARM.Build.0 = Release|Any CPU
		{50079F3B-AD1F-4D66-B9C6-A151557FCC5D}.Release|ARM64.ActiveCfg = Release|Any CPU
		{50079F3B-AD1F-4D66-B9C6-A151557FCC5D}.Release|ARM64.Build.0 = Release|Any CPU
		{50079F3B-AD1F-4D66-B9C6-A151557FCC5D}.Release|x64.ActiveCfg = Release|Any CPU
		{50079F3B-AD1F-4D66-B9C6-A151557FCC5D}.Release|x64.Build.0 = Release|Any CPU
		{50079F3B-AD1F-4D66-B9C6-A151557FCC5D}.Release|x86.ActiveCfg = Release|Any CPU
		{50079F3B-AD1F-4D66-B9C6-A151557FCC5D}.Release|x86.Build.0 = Release|Any CPU
		{CE14CFE6-5D12-4B20-A15B-759961CE1F98}.Debug|Any CPU.ActiveCfg = Debug|Any CPU
		{CE14CFE6-5D12-4B20-A15B-759961CE1F98}.Debug|Any CPU.Build.0 = Debug|Any CPU
		{CE14CFE6-5D12-4B20-A15B-759961CE1F98}.Debug|ARM.ActiveCfg = Debug|Any CPU
		{CE14CFE6-5D12-4B20-A15B-759961CE1F98}.Debug|ARM.Build.0 = Debug|Any CPU
		{CE14CFE6-5D12-4B20-A15B-759961CE1F98}.Debug|ARM64.ActiveCfg = Debug|Any CPU
		{CE14CFE6-5D12-4B20-A15B-759961CE1F98}.Debug|ARM64.Build.0 = Debug|Any CPU
		{CE14CFE6-5D12-4B20-A15B-759961CE1F98}.Debug|x64.ActiveCfg = Debug|Any CPU
		{CE14CFE6-5D12-4B20-A15B-759961CE1F98}.Debug|x64.Build.0 = Debug|Any CPU
		{CE14CFE6-5D12-4B20-A15B-759961CE1F98}.Debug|x86.ActiveCfg = Debug|Any CPU
		{CE14CFE6-5D12-4B20-A15B-759961CE1F98}.Debug|x86.Build.0 = Debug|Any CPU
		{CE14CFE6-5D12-4B20-A15B-759961CE1F98}.Release|Any CPU.ActiveCfg = Release|Any CPU
		{CE14CFE6-5D12-4B20-A15B-759961CE1F98}.Release|Any CPU.Build.0 = Release|Any CPU
		{CE14CFE6-5D12-4B20-A15B-759961CE1F98}.Release|ARM.ActiveCfg = Release|Any CPU
		{CE14CFE6-5D12-4B20-A15B-759961CE1F98}.Release|ARM.Build.0 = Release|Any CPU
		{CE14CFE6-5D12-4B20-A15B-759961CE1F98}.Release|ARM64.ActiveCfg = Release|Any CPU
		{CE14CFE6-5D12-4B20-A15B-759961CE1F98}.Release|ARM64.Build.0 = Release|Any CPU
		{CE14CFE6-5D12-4B20-A15B-759961CE1F98}.Release|x64.ActiveCfg = Release|Any CPU
		{CE14CFE6-5D12-4B20-A15B-759961CE1F98}.Release|x64.Build.0 = Release|Any CPU
		{CE14CFE6-5D12-4B20-A15B-759961CE1F98}.Release|x86.ActiveCfg = Release|Any CPU
		{CE14CFE6-5D12-4B20-A15B-759961CE1F98}.Release|x86.Build.0 = Release|Any CPU
		{A7CCB2B3-7F6F-44B6-9A2C-660D8A8EBD75}.Debug|Any CPU.ActiveCfg = Debug|Any CPU
		{A7CCB2B3-7F6F-44B6-9A2C-660D8A8EBD75}.Debug|Any CPU.Build.0 = Debug|Any CPU
		{A7CCB2B3-7F6F-44B6-9A2C-660D8A8EBD75}.Debug|ARM.ActiveCfg = Debug|Any CPU
		{A7CCB2B3-7F6F-44B6-9A2C-660D8A8EBD75}.Debug|ARM.Build.0 = Debug|Any CPU
		{A7CCB2B3-7F6F-44B6-9A2C-660D8A8EBD75}.Debug|ARM64.ActiveCfg = Debug|Any CPU
		{A7CCB2B3-7F6F-44B6-9A2C-660D8A8EBD75}.Debug|ARM64.Build.0 = Debug|Any CPU
		{A7CCB2B3-7F6F-44B6-9A2C-660D8A8EBD75}.Debug|x64.ActiveCfg = Debug|Any CPU
		{A7CCB2B3-7F6F-44B6-9A2C-660D8A8EBD75}.Debug|x64.Build.0 = Debug|Any CPU
		{A7CCB2B3-7F6F-44B6-9A2C-660D8A8EBD75}.Debug|x86.ActiveCfg = Debug|Any CPU
		{A7CCB2B3-7F6F-44B6-9A2C-660D8A8EBD75}.Debug|x86.Build.0 = Debug|Any CPU
		{A7CCB2B3-7F6F-44B6-9A2C-660D8A8EBD75}.Release|Any CPU.ActiveCfg = Release|Any CPU
		{A7CCB2B3-7F6F-44B6-9A2C-660D8A8EBD75}.Release|Any CPU.Build.0 = Release|Any CPU
		{A7CCB2B3-7F6F-44B6-9A2C-660D8A8EBD75}.Release|ARM.ActiveCfg = Release|Any CPU
		{A7CCB2B3-7F6F-44B6-9A2C-660D8A8EBD75}.Release|ARM.Build.0 = Release|Any CPU
		{A7CCB2B3-7F6F-44B6-9A2C-660D8A8EBD75}.Release|ARM64.ActiveCfg = Release|Any CPU
		{A7CCB2B3-7F6F-44B6-9A2C-660D8A8EBD75}.Release|ARM64.Build.0 = Release|Any CPU
		{A7CCB2B3-7F6F-44B6-9A2C-660D8A8EBD75}.Release|x64.ActiveCfg = Release|Any CPU
		{A7CCB2B3-7F6F-44B6-9A2C-660D8A8EBD75}.Release|x64.Build.0 = Release|Any CPU
		{A7CCB2B3-7F6F-44B6-9A2C-660D8A8EBD75}.Release|x86.ActiveCfg = Release|Any CPU
		{A7CCB2B3-7F6F-44B6-9A2C-660D8A8EBD75}.Release|x86.Build.0 = Release|Any CPU
		{967AB441-F57F-4D1C-83E8-4930441CC199}.Debug|Any CPU.ActiveCfg = Debug|Any CPU
		{967AB441-F57F-4D1C-83E8-4930441CC199}.Debug|Any CPU.Build.0 = Debug|Any CPU
		{967AB441-F57F-4D1C-83E8-4930441CC199}.Debug|ARM.ActiveCfg = Debug|Any CPU
		{967AB441-F57F-4D1C-83E8-4930441CC199}.Debug|ARM.Build.0 = Debug|Any CPU
		{967AB441-F57F-4D1C-83E8-4930441CC199}.Debug|ARM64.ActiveCfg = Debug|Any CPU
		{967AB441-F57F-4D1C-83E8-4930441CC199}.Debug|ARM64.Build.0 = Debug|Any CPU
		{967AB441-F57F-4D1C-83E8-4930441CC199}.Debug|x64.ActiveCfg = Debug|Any CPU
		{967AB441-F57F-4D1C-83E8-4930441CC199}.Debug|x64.Build.0 = Debug|Any CPU
		{967AB441-F57F-4D1C-83E8-4930441CC199}.Debug|x86.ActiveCfg = Debug|Any CPU
		{967AB441-F57F-4D1C-83E8-4930441CC199}.Debug|x86.Build.0 = Debug|Any CPU
		{967AB441-F57F-4D1C-83E8-4930441CC199}.Release|Any CPU.ActiveCfg = Release|Any CPU
		{967AB441-F57F-4D1C-83E8-4930441CC199}.Release|Any CPU.Build.0 = Release|Any CPU
		{967AB441-F57F-4D1C-83E8-4930441CC199}.Release|ARM.ActiveCfg = Release|Any CPU
		{967AB441-F57F-4D1C-83E8-4930441CC199}.Release|ARM.Build.0 = Release|Any CPU
		{967AB441-F57F-4D1C-83E8-4930441CC199}.Release|ARM64.ActiveCfg = Release|Any CPU
		{967AB441-F57F-4D1C-83E8-4930441CC199}.Release|ARM64.Build.0 = Release|Any CPU
		{967AB441-F57F-4D1C-83E8-4930441CC199}.Release|x64.ActiveCfg = Release|Any CPU
		{967AB441-F57F-4D1C-83E8-4930441CC199}.Release|x64.Build.0 = Release|Any CPU
		{967AB441-F57F-4D1C-83E8-4930441CC199}.Release|x86.ActiveCfg = Release|Any CPU
		{967AB441-F57F-4D1C-83E8-4930441CC199}.Release|x86.Build.0 = Release|Any CPU
		{EC37B265-2B89-4114-B325-0B609369FD10}.Debug|Any CPU.ActiveCfg = Debug|Any CPU
		{EC37B265-2B89-4114-B325-0B609369FD10}.Debug|Any CPU.Build.0 = Debug|Any CPU
		{EC37B265-2B89-4114-B325-0B609369FD10}.Debug|ARM.ActiveCfg = Debug|Any CPU
		{EC37B265-2B89-4114-B325-0B609369FD10}.Debug|ARM.Build.0 = Debug|Any CPU
		{EC37B265-2B89-4114-B325-0B609369FD10}.Debug|ARM64.ActiveCfg = Debug|Any CPU
		{EC37B265-2B89-4114-B325-0B609369FD10}.Debug|ARM64.Build.0 = Debug|Any CPU
		{EC37B265-2B89-4114-B325-0B609369FD10}.Debug|x64.ActiveCfg = Debug|Any CPU
		{EC37B265-2B89-4114-B325-0B609369FD10}.Debug|x64.Build.0 = Debug|Any CPU
		{EC37B265-2B89-4114-B325-0B609369FD10}.Debug|x86.ActiveCfg = Debug|Any CPU
		{EC37B265-2B89-4114-B325-0B609369FD10}.Debug|x86.Build.0 = Debug|Any CPU
		{EC37B265-2B89-4114-B325-0B609369FD10}.Release|Any CPU.ActiveCfg = Release|Any CPU
		{EC37B265-2B89-4114-B325-0B609369FD10}.Release|Any CPU.Build.0 = Release|Any CPU
		{EC37B265-2B89-4114-B325-0B609369FD10}.Release|ARM.ActiveCfg = Release|Any CPU
		{EC37B265-2B89-4114-B325-0B609369FD10}.Release|ARM.Build.0 = Release|Any CPU
		{EC37B265-2B89-4114-B325-0B609369FD10}.Release|ARM64.ActiveCfg = Release|Any CPU
		{EC37B265-2B89-4114-B325-0B609369FD10}.Release|ARM64.Build.0 = Release|Any CPU
		{EC37B265-2B89-4114-B325-0B609369FD10}.Release|x64.ActiveCfg = Release|Any CPU
		{EC37B265-2B89-4114-B325-0B609369FD10}.Release|x64.Build.0 = Release|Any CPU
		{EC37B265-2B89-4114-B325-0B609369FD10}.Release|x86.ActiveCfg = Release|Any CPU
		{EC37B265-2B89-4114-B325-0B609369FD10}.Release|x86.Build.0 = Release|Any CPU
		{C224F70B-A274-4863-9C60-5EA6DF80CEAA}.Debug|Any CPU.ActiveCfg = Debug|Any CPU
		{C224F70B-A274-4863-9C60-5EA6DF80CEAA}.Debug|Any CPU.Build.0 = Debug|Any CPU
		{C224F70B-A274-4863-9C60-5EA6DF80CEAA}.Debug|ARM.ActiveCfg = Debug|Any CPU
		{C224F70B-A274-4863-9C60-5EA6DF80CEAA}.Debug|ARM.Build.0 = Debug|Any CPU
		{C224F70B-A274-4863-9C60-5EA6DF80CEAA}.Debug|ARM64.ActiveCfg = Debug|Any CPU
		{C224F70B-A274-4863-9C60-5EA6DF80CEAA}.Debug|ARM64.Build.0 = Debug|Any CPU
		{C224F70B-A274-4863-9C60-5EA6DF80CEAA}.Debug|x64.ActiveCfg = Debug|Any CPU
		{C224F70B-A274-4863-9C60-5EA6DF80CEAA}.Debug|x64.Build.0 = Debug|Any CPU
		{C224F70B-A274-4863-9C60-5EA6DF80CEAA}.Debug|x86.ActiveCfg = Debug|Any CPU
		{C224F70B-A274-4863-9C60-5EA6DF80CEAA}.Debug|x86.Build.0 = Debug|Any CPU
		{C224F70B-A274-4863-9C60-5EA6DF80CEAA}.Release|Any CPU.ActiveCfg = Release|Any CPU
		{C224F70B-A274-4863-9C60-5EA6DF80CEAA}.Release|Any CPU.Build.0 = Release|Any CPU
		{C224F70B-A274-4863-9C60-5EA6DF80CEAA}.Release|ARM.ActiveCfg = Release|Any CPU
		{C224F70B-A274-4863-9C60-5EA6DF80CEAA}.Release|ARM.Build.0 = Release|Any CPU
		{C224F70B-A274-4863-9C60-5EA6DF80CEAA}.Release|ARM64.ActiveCfg = Release|Any CPU
		{C224F70B-A274-4863-9C60-5EA6DF80CEAA}.Release|ARM64.Build.0 = Release|Any CPU
		{C224F70B-A274-4863-9C60-5EA6DF80CEAA}.Release|x64.ActiveCfg = Release|Any CPU
		{C224F70B-A274-4863-9C60-5EA6DF80CEAA}.Release|x64.Build.0 = Release|Any CPU
		{C224F70B-A274-4863-9C60-5EA6DF80CEAA}.Release|x86.ActiveCfg = Release|Any CPU
		{C224F70B-A274-4863-9C60-5EA6DF80CEAA}.Release|x86.Build.0 = Release|Any CPU
		{B6309237-837B-4285-A25B-79B3A913E15C}.Debug|Any CPU.ActiveCfg = Debug|Any CPU
		{B6309237-837B-4285-A25B-79B3A913E15C}.Debug|Any CPU.Build.0 = Debug|Any CPU
		{B6309237-837B-4285-A25B-79B3A913E15C}.Debug|ARM.ActiveCfg = Debug|Any CPU
		{B6309237-837B-4285-A25B-79B3A913E15C}.Debug|ARM.Build.0 = Debug|Any CPU
		{B6309237-837B-4285-A25B-79B3A913E15C}.Debug|ARM64.ActiveCfg = Debug|Any CPU
		{B6309237-837B-4285-A25B-79B3A913E15C}.Debug|ARM64.Build.0 = Debug|Any CPU
		{B6309237-837B-4285-A25B-79B3A913E15C}.Debug|x64.ActiveCfg = Debug|Any CPU
		{B6309237-837B-4285-A25B-79B3A913E15C}.Debug|x64.Build.0 = Debug|Any CPU
		{B6309237-837B-4285-A25B-79B3A913E15C}.Debug|x86.ActiveCfg = Debug|Any CPU
		{B6309237-837B-4285-A25B-79B3A913E15C}.Debug|x86.Build.0 = Debug|Any CPU
		{B6309237-837B-4285-A25B-79B3A913E15C}.Release|Any CPU.ActiveCfg = Release|Any CPU
		{B6309237-837B-4285-A25B-79B3A913E15C}.Release|Any CPU.Build.0 = Release|Any CPU
		{B6309237-837B-4285-A25B-79B3A913E15C}.Release|ARM.ActiveCfg = Release|Any CPU
		{B6309237-837B-4285-A25B-79B3A913E15C}.Release|ARM.Build.0 = Release|Any CPU
		{B6309237-837B-4285-A25B-79B3A913E15C}.Release|ARM64.ActiveCfg = Release|Any CPU
		{B6309237-837B-4285-A25B-79B3A913E15C}.Release|ARM64.Build.0 = Release|Any CPU
		{B6309237-837B-4285-A25B-79B3A913E15C}.Release|x64.ActiveCfg = Release|Any CPU
		{B6309237-837B-4285-A25B-79B3A913E15C}.Release|x64.Build.0 = Release|Any CPU
		{B6309237-837B-4285-A25B-79B3A913E15C}.Release|x86.ActiveCfg = Release|Any CPU
		{B6309237-837B-4285-A25B-79B3A913E15C}.Release|x86.Build.0 = Release|Any CPU
		{60487FA3-6AF4-4AD3-9B81-474B3F02ACDF}.Debug|Any CPU.ActiveCfg = Debug|Any CPU
		{60487FA3-6AF4-4AD3-9B81-474B3F02ACDF}.Debug|Any CPU.Build.0 = Debug|Any CPU
		{60487FA3-6AF4-4AD3-9B81-474B3F02ACDF}.Debug|ARM.ActiveCfg = Debug|Any CPU
		{60487FA3-6AF4-4AD3-9B81-474B3F02ACDF}.Debug|ARM.Build.0 = Debug|Any CPU
		{60487FA3-6AF4-4AD3-9B81-474B3F02ACDF}.Debug|ARM64.ActiveCfg = Debug|Any CPU
		{60487FA3-6AF4-4AD3-9B81-474B3F02ACDF}.Debug|ARM64.Build.0 = Debug|Any CPU
		{60487FA3-6AF4-4AD3-9B81-474B3F02ACDF}.Debug|x64.ActiveCfg = Debug|Any CPU
		{60487FA3-6AF4-4AD3-9B81-474B3F02ACDF}.Debug|x64.Build.0 = Debug|Any CPU
		{60487FA3-6AF4-4AD3-9B81-474B3F02ACDF}.Debug|x86.ActiveCfg = Debug|Any CPU
		{60487FA3-6AF4-4AD3-9B81-474B3F02ACDF}.Debug|x86.Build.0 = Debug|Any CPU
		{60487FA3-6AF4-4AD3-9B81-474B3F02ACDF}.Release|Any CPU.ActiveCfg = Release|Any CPU
		{60487FA3-6AF4-4AD3-9B81-474B3F02ACDF}.Release|Any CPU.Build.0 = Release|Any CPU
		{60487FA3-6AF4-4AD3-9B81-474B3F02ACDF}.Release|ARM.ActiveCfg = Release|Any CPU
		{60487FA3-6AF4-4AD3-9B81-474B3F02ACDF}.Release|ARM.Build.0 = Release|Any CPU
		{60487FA3-6AF4-4AD3-9B81-474B3F02ACDF}.Release|ARM64.ActiveCfg = Release|Any CPU
		{60487FA3-6AF4-4AD3-9B81-474B3F02ACDF}.Release|ARM64.Build.0 = Release|Any CPU
		{60487FA3-6AF4-4AD3-9B81-474B3F02ACDF}.Release|x64.ActiveCfg = Release|Any CPU
		{60487FA3-6AF4-4AD3-9B81-474B3F02ACDF}.Release|x64.Build.0 = Release|Any CPU
		{60487FA3-6AF4-4AD3-9B81-474B3F02ACDF}.Release|x86.ActiveCfg = Release|Any CPU
		{60487FA3-6AF4-4AD3-9B81-474B3F02ACDF}.Release|x86.Build.0 = Release|Any CPU
		{212D4FAE-F921-4FE6-90A7-A68B8858AC93}.Debug|Any CPU.ActiveCfg = Debug|Any CPU
		{212D4FAE-F921-4FE6-90A7-A68B8858AC93}.Debug|Any CPU.Build.0 = Debug|Any CPU
		{212D4FAE-F921-4FE6-90A7-A68B8858AC93}.Debug|ARM.ActiveCfg = Debug|Any CPU
		{212D4FAE-F921-4FE6-90A7-A68B8858AC93}.Debug|ARM.Build.0 = Debug|Any CPU
		{212D4FAE-F921-4FE6-90A7-A68B8858AC93}.Debug|ARM64.ActiveCfg = Debug|Any CPU
		{212D4FAE-F921-4FE6-90A7-A68B8858AC93}.Debug|ARM64.Build.0 = Debug|Any CPU
		{212D4FAE-F921-4FE6-90A7-A68B8858AC93}.Debug|x64.ActiveCfg = Debug|Any CPU
		{212D4FAE-F921-4FE6-90A7-A68B8858AC93}.Debug|x64.Build.0 = Debug|Any CPU
		{212D4FAE-F921-4FE6-90A7-A68B8858AC93}.Debug|x86.ActiveCfg = Debug|Any CPU
		{212D4FAE-F921-4FE6-90A7-A68B8858AC93}.Debug|x86.Build.0 = Debug|Any CPU
		{212D4FAE-F921-4FE6-90A7-A68B8858AC93}.Release|Any CPU.ActiveCfg = Release|Any CPU
		{212D4FAE-F921-4FE6-90A7-A68B8858AC93}.Release|Any CPU.Build.0 = Release|Any CPU
		{212D4FAE-F921-4FE6-90A7-A68B8858AC93}.Release|ARM.ActiveCfg = Release|Any CPU
		{212D4FAE-F921-4FE6-90A7-A68B8858AC93}.Release|ARM.Build.0 = Release|Any CPU
		{212D4FAE-F921-4FE6-90A7-A68B8858AC93}.Release|ARM64.ActiveCfg = Release|Any CPU
		{212D4FAE-F921-4FE6-90A7-A68B8858AC93}.Release|ARM64.Build.0 = Release|Any CPU
		{212D4FAE-F921-4FE6-90A7-A68B8858AC93}.Release|x64.ActiveCfg = Release|Any CPU
		{212D4FAE-F921-4FE6-90A7-A68B8858AC93}.Release|x64.Build.0 = Release|Any CPU
		{212D4FAE-F921-4FE6-90A7-A68B8858AC93}.Release|x86.ActiveCfg = Release|Any CPU
		{212D4FAE-F921-4FE6-90A7-A68B8858AC93}.Release|x86.Build.0 = Release|Any CPU
		{8B5E2B05-87BF-4AF3-945E-D988FEDDA471}.Debug|Any CPU.ActiveCfg = Debug|Any CPU
		{8B5E2B05-87BF-4AF3-945E-D988FEDDA471}.Debug|Any CPU.Build.0 = Debug|Any CPU
		{8B5E2B05-87BF-4AF3-945E-D988FEDDA471}.Debug|ARM.ActiveCfg = Debug|Any CPU
		{8B5E2B05-87BF-4AF3-945E-D988FEDDA471}.Debug|ARM.Build.0 = Debug|Any CPU
		{8B5E2B05-87BF-4AF3-945E-D988FEDDA471}.Debug|ARM64.ActiveCfg = Debug|Any CPU
		{8B5E2B05-87BF-4AF3-945E-D988FEDDA471}.Debug|ARM64.Build.0 = Debug|Any CPU
		{8B5E2B05-87BF-4AF3-945E-D988FEDDA471}.Debug|x64.ActiveCfg = Debug|Any CPU
		{8B5E2B05-87BF-4AF3-945E-D988FEDDA471}.Debug|x64.Build.0 = Debug|Any CPU
		{8B5E2B05-87BF-4AF3-945E-D988FEDDA471}.Debug|x86.ActiveCfg = Debug|Any CPU
		{8B5E2B05-87BF-4AF3-945E-D988FEDDA471}.Debug|x86.Build.0 = Debug|Any CPU
		{8B5E2B05-87BF-4AF3-945E-D988FEDDA471}.Release|Any CPU.ActiveCfg = Release|Any CPU
		{8B5E2B05-87BF-4AF3-945E-D988FEDDA471}.Release|Any CPU.Build.0 = Release|Any CPU
		{8B5E2B05-87BF-4AF3-945E-D988FEDDA471}.Release|ARM.ActiveCfg = Release|Any CPU
		{8B5E2B05-87BF-4AF3-945E-D988FEDDA471}.Release|ARM.Build.0 = Release|Any CPU
		{8B5E2B05-87BF-4AF3-945E-D988FEDDA471}.Release|ARM64.ActiveCfg = Release|Any CPU
		{8B5E2B05-87BF-4AF3-945E-D988FEDDA471}.Release|ARM64.Build.0 = Release|Any CPU
		{8B5E2B05-87BF-4AF3-945E-D988FEDDA471}.Release|x64.ActiveCfg = Release|Any CPU
		{8B5E2B05-87BF-4AF3-945E-D988FEDDA471}.Release|x64.Build.0 = Release|Any CPU
		{8B5E2B05-87BF-4AF3-945E-D988FEDDA471}.Release|x86.ActiveCfg = Release|Any CPU
		{8B5E2B05-87BF-4AF3-945E-D988FEDDA471}.Release|x86.Build.0 = Release|Any CPU
		{CC278902-184D-4C47-AA2B-243726777A0E}.Debug|Any CPU.ActiveCfg = Debug|Any CPU
		{CC278902-184D-4C47-AA2B-243726777A0E}.Debug|Any CPU.Build.0 = Debug|Any CPU
		{CC278902-184D-4C47-AA2B-243726777A0E}.Debug|ARM.ActiveCfg = Debug|Any CPU
		{CC278902-184D-4C47-AA2B-243726777A0E}.Debug|ARM.Build.0 = Debug|Any CPU
		{CC278902-184D-4C47-AA2B-243726777A0E}.Debug|ARM64.ActiveCfg = Debug|Any CPU
		{CC278902-184D-4C47-AA2B-243726777A0E}.Debug|ARM64.Build.0 = Debug|Any CPU
		{CC278902-184D-4C47-AA2B-243726777A0E}.Debug|x64.ActiveCfg = Debug|Any CPU
		{CC278902-184D-4C47-AA2B-243726777A0E}.Debug|x64.Build.0 = Debug|Any CPU
		{CC278902-184D-4C47-AA2B-243726777A0E}.Debug|x86.ActiveCfg = Debug|Any CPU
		{CC278902-184D-4C47-AA2B-243726777A0E}.Debug|x86.Build.0 = Debug|Any CPU
		{CC278902-184D-4C47-AA2B-243726777A0E}.Release|Any CPU.ActiveCfg = Release|Any CPU
		{CC278902-184D-4C47-AA2B-243726777A0E}.Release|Any CPU.Build.0 = Release|Any CPU
		{CC278902-184D-4C47-AA2B-243726777A0E}.Release|ARM.ActiveCfg = Release|Any CPU
		{CC278902-184D-4C47-AA2B-243726777A0E}.Release|ARM.Build.0 = Release|Any CPU
		{CC278902-184D-4C47-AA2B-243726777A0E}.Release|ARM64.ActiveCfg = Release|Any CPU
		{CC278902-184D-4C47-AA2B-243726777A0E}.Release|ARM64.Build.0 = Release|Any CPU
		{CC278902-184D-4C47-AA2B-243726777A0E}.Release|x64.ActiveCfg = Release|Any CPU
		{CC278902-184D-4C47-AA2B-243726777A0E}.Release|x64.Build.0 = Release|Any CPU
		{CC278902-184D-4C47-AA2B-243726777A0E}.Release|x86.ActiveCfg = Release|Any CPU
		{CC278902-184D-4C47-AA2B-243726777A0E}.Release|x86.Build.0 = Release|Any CPU
		{C0ACA860-07D2-42EA-8720-CD4C5B825802}.Debug|Any CPU.ActiveCfg = Debug|Any CPU
		{C0ACA860-07D2-42EA-8720-CD4C5B825802}.Debug|Any CPU.Build.0 = Debug|Any CPU
		{C0ACA860-07D2-42EA-8720-CD4C5B825802}.Debug|ARM.ActiveCfg = Debug|Any CPU
		{C0ACA860-07D2-42EA-8720-CD4C5B825802}.Debug|ARM.Build.0 = Debug|Any CPU
		{C0ACA860-07D2-42EA-8720-CD4C5B825802}.Debug|ARM64.ActiveCfg = Debug|Any CPU
		{C0ACA860-07D2-42EA-8720-CD4C5B825802}.Debug|ARM64.Build.0 = Debug|Any CPU
		{C0ACA860-07D2-42EA-8720-CD4C5B825802}.Debug|x64.ActiveCfg = Debug|Any CPU
		{C0ACA860-07D2-42EA-8720-CD4C5B825802}.Debug|x64.Build.0 = Debug|Any CPU
		{C0ACA860-07D2-42EA-8720-CD4C5B825802}.Debug|x86.ActiveCfg = Debug|Any CPU
		{C0ACA860-07D2-42EA-8720-CD4C5B825802}.Debug|x86.Build.0 = Debug|Any CPU
		{C0ACA860-07D2-42EA-8720-CD4C5B825802}.Release|Any CPU.ActiveCfg = Release|Any CPU
		{C0ACA860-07D2-42EA-8720-CD4C5B825802}.Release|Any CPU.Build.0 = Release|Any CPU
		{C0ACA860-07D2-42EA-8720-CD4C5B825802}.Release|ARM.ActiveCfg = Release|Any CPU
		{C0ACA860-07D2-42EA-8720-CD4C5B825802}.Release|ARM.Build.0 = Release|Any CPU
		{C0ACA860-07D2-42EA-8720-CD4C5B825802}.Release|ARM64.ActiveCfg = Release|Any CPU
		{C0ACA860-07D2-42EA-8720-CD4C5B825802}.Release|ARM64.Build.0 = Release|Any CPU
		{C0ACA860-07D2-42EA-8720-CD4C5B825802}.Release|x64.ActiveCfg = Release|Any CPU
		{C0ACA860-07D2-42EA-8720-CD4C5B825802}.Release|x64.Build.0 = Release|Any CPU
		{C0ACA860-07D2-42EA-8720-CD4C5B825802}.Release|x86.ActiveCfg = Release|Any CPU
		{C0ACA860-07D2-42EA-8720-CD4C5B825802}.Release|x86.Build.0 = Release|Any CPU
		{91626741-28C5-48B9-96C3-6D0894125C5B}.Debug|Any CPU.ActiveCfg = Debug|Any CPU
		{91626741-28C5-48B9-96C3-6D0894125C5B}.Debug|Any CPU.Build.0 = Debug|Any CPU
		{91626741-28C5-48B9-96C3-6D0894125C5B}.Debug|ARM.ActiveCfg = Debug|Any CPU
		{91626741-28C5-48B9-96C3-6D0894125C5B}.Debug|ARM.Build.0 = Debug|Any CPU
		{91626741-28C5-48B9-96C3-6D0894125C5B}.Debug|ARM64.ActiveCfg = Debug|Any CPU
		{91626741-28C5-48B9-96C3-6D0894125C5B}.Debug|ARM64.Build.0 = Debug|Any CPU
		{91626741-28C5-48B9-96C3-6D0894125C5B}.Debug|x64.ActiveCfg = Debug|Any CPU
		{91626741-28C5-48B9-96C3-6D0894125C5B}.Debug|x64.Build.0 = Debug|Any CPU
		{91626741-28C5-48B9-96C3-6D0894125C5B}.Debug|x86.ActiveCfg = Debug|Any CPU
		{91626741-28C5-48B9-96C3-6D0894125C5B}.Debug|x86.Build.0 = Debug|Any CPU
		{91626741-28C5-48B9-96C3-6D0894125C5B}.Release|Any CPU.ActiveCfg = Release|Any CPU
		{91626741-28C5-48B9-96C3-6D0894125C5B}.Release|Any CPU.Build.0 = Release|Any CPU
		{91626741-28C5-48B9-96C3-6D0894125C5B}.Release|ARM.ActiveCfg = Release|Any CPU
		{91626741-28C5-48B9-96C3-6D0894125C5B}.Release|ARM.Build.0 = Release|Any CPU
		{91626741-28C5-48B9-96C3-6D0894125C5B}.Release|ARM64.ActiveCfg = Release|Any CPU
		{91626741-28C5-48B9-96C3-6D0894125C5B}.Release|ARM64.Build.0 = Release|Any CPU
		{91626741-28C5-48B9-96C3-6D0894125C5B}.Release|x64.ActiveCfg = Release|Any CPU
		{91626741-28C5-48B9-96C3-6D0894125C5B}.Release|x64.Build.0 = Release|Any CPU
		{91626741-28C5-48B9-96C3-6D0894125C5B}.Release|x86.ActiveCfg = Release|Any CPU
		{91626741-28C5-48B9-96C3-6D0894125C5B}.Release|x86.Build.0 = Release|Any CPU
		{C40B9221-4096-4150-93A7-85D77AE29541}.Debug|Any CPU.ActiveCfg = Debug|Any CPU
		{C40B9221-4096-4150-93A7-85D77AE29541}.Debug|Any CPU.Build.0 = Debug|Any CPU
		{C40B9221-4096-4150-93A7-85D77AE29541}.Debug|ARM.ActiveCfg = Debug|Any CPU
		{C40B9221-4096-4150-93A7-85D77AE29541}.Debug|ARM.Build.0 = Debug|Any CPU
		{C40B9221-4096-4150-93A7-85D77AE29541}.Debug|ARM64.ActiveCfg = Debug|Any CPU
		{C40B9221-4096-4150-93A7-85D77AE29541}.Debug|ARM64.Build.0 = Debug|Any CPU
		{C40B9221-4096-4150-93A7-85D77AE29541}.Debug|x64.ActiveCfg = Debug|Any CPU
		{C40B9221-4096-4150-93A7-85D77AE29541}.Debug|x64.Build.0 = Debug|Any CPU
		{C40B9221-4096-4150-93A7-85D77AE29541}.Debug|x86.ActiveCfg = Debug|Any CPU
		{C40B9221-4096-4150-93A7-85D77AE29541}.Debug|x86.Build.0 = Debug|Any CPU
		{C40B9221-4096-4150-93A7-85D77AE29541}.Release|Any CPU.ActiveCfg = Release|Any CPU
		{C40B9221-4096-4150-93A7-85D77AE29541}.Release|Any CPU.Build.0 = Release|Any CPU
		{C40B9221-4096-4150-93A7-85D77AE29541}.Release|ARM.ActiveCfg = Release|Any CPU
		{C40B9221-4096-4150-93A7-85D77AE29541}.Release|ARM.Build.0 = Release|Any CPU
		{C40B9221-4096-4150-93A7-85D77AE29541}.Release|ARM64.ActiveCfg = Release|Any CPU
		{C40B9221-4096-4150-93A7-85D77AE29541}.Release|ARM64.Build.0 = Release|Any CPU
		{C40B9221-4096-4150-93A7-85D77AE29541}.Release|x64.ActiveCfg = Release|Any CPU
		{C40B9221-4096-4150-93A7-85D77AE29541}.Release|x64.Build.0 = Release|Any CPU
		{C40B9221-4096-4150-93A7-85D77AE29541}.Release|x86.ActiveCfg = Release|Any CPU
		{C40B9221-4096-4150-93A7-85D77AE29541}.Release|x86.Build.0 = Release|Any CPU
		{7406365D-E1B2-4E93-895C-A16B989987CB}.Debug|Any CPU.ActiveCfg = Debug|Any CPU
		{7406365D-E1B2-4E93-895C-A16B989987CB}.Debug|Any CPU.Build.0 = Debug|Any CPU
		{7406365D-E1B2-4E93-895C-A16B989987CB}.Debug|ARM.ActiveCfg = Debug|Any CPU
		{7406365D-E1B2-4E93-895C-A16B989987CB}.Debug|ARM.Build.0 = Debug|Any CPU
		{7406365D-E1B2-4E93-895C-A16B989987CB}.Debug|ARM64.ActiveCfg = Debug|Any CPU
		{7406365D-E1B2-4E93-895C-A16B989987CB}.Debug|ARM64.Build.0 = Debug|Any CPU
		{7406365D-E1B2-4E93-895C-A16B989987CB}.Debug|x64.ActiveCfg = Debug|Any CPU
		{7406365D-E1B2-4E93-895C-A16B989987CB}.Debug|x64.Build.0 = Debug|Any CPU
		{7406365D-E1B2-4E93-895C-A16B989987CB}.Debug|x86.ActiveCfg = Debug|Any CPU
		{7406365D-E1B2-4E93-895C-A16B989987CB}.Debug|x86.Build.0 = Debug|Any CPU
		{7406365D-E1B2-4E93-895C-A16B989987CB}.Release|Any CPU.ActiveCfg = Release|Any CPU
		{7406365D-E1B2-4E93-895C-A16B989987CB}.Release|Any CPU.Build.0 = Release|Any CPU
		{7406365D-E1B2-4E93-895C-A16B989987CB}.Release|ARM.ActiveCfg = Release|Any CPU
		{7406365D-E1B2-4E93-895C-A16B989987CB}.Release|ARM.Build.0 = Release|Any CPU
		{7406365D-E1B2-4E93-895C-A16B989987CB}.Release|ARM64.ActiveCfg = Release|Any CPU
		{7406365D-E1B2-4E93-895C-A16B989987CB}.Release|ARM64.Build.0 = Release|Any CPU
		{7406365D-E1B2-4E93-895C-A16B989987CB}.Release|x64.ActiveCfg = Release|Any CPU
		{7406365D-E1B2-4E93-895C-A16B989987CB}.Release|x64.Build.0 = Release|Any CPU
		{7406365D-E1B2-4E93-895C-A16B989987CB}.Release|x86.ActiveCfg = Release|Any CPU
		{7406365D-E1B2-4E93-895C-A16B989987CB}.Release|x86.Build.0 = Release|Any CPU
		{9B3A8879-09AD-441A-AAA5-0732B9A64E70}.Debug|Any CPU.ActiveCfg = Debug|Any CPU
		{9B3A8879-09AD-441A-AAA5-0732B9A64E70}.Debug|Any CPU.Build.0 = Debug|Any CPU
		{9B3A8879-09AD-441A-AAA5-0732B9A64E70}.Debug|ARM.ActiveCfg = Debug|Any CPU
		{9B3A8879-09AD-441A-AAA5-0732B9A64E70}.Debug|ARM.Build.0 = Debug|Any CPU
		{9B3A8879-09AD-441A-AAA5-0732B9A64E70}.Debug|ARM64.ActiveCfg = Debug|Any CPU
		{9B3A8879-09AD-441A-AAA5-0732B9A64E70}.Debug|ARM64.Build.0 = Debug|Any CPU
		{9B3A8879-09AD-441A-AAA5-0732B9A64E70}.Debug|x64.ActiveCfg = Debug|Any CPU
		{9B3A8879-09AD-441A-AAA5-0732B9A64E70}.Debug|x64.Build.0 = Debug|Any CPU
		{9B3A8879-09AD-441A-AAA5-0732B9A64E70}.Debug|x86.ActiveCfg = Debug|Any CPU
		{9B3A8879-09AD-441A-AAA5-0732B9A64E70}.Debug|x86.Build.0 = Debug|Any CPU
		{9B3A8879-09AD-441A-AAA5-0732B9A64E70}.Release|Any CPU.ActiveCfg = Release|Any CPU
		{9B3A8879-09AD-441A-AAA5-0732B9A64E70}.Release|Any CPU.Build.0 = Release|Any CPU
		{9B3A8879-09AD-441A-AAA5-0732B9A64E70}.Release|ARM.ActiveCfg = Release|Any CPU
		{9B3A8879-09AD-441A-AAA5-0732B9A64E70}.Release|ARM.Build.0 = Release|Any CPU
		{9B3A8879-09AD-441A-AAA5-0732B9A64E70}.Release|ARM64.ActiveCfg = Release|Any CPU
		{9B3A8879-09AD-441A-AAA5-0732B9A64E70}.Release|ARM64.Build.0 = Release|Any CPU
		{9B3A8879-09AD-441A-AAA5-0732B9A64E70}.Release|x64.ActiveCfg = Release|Any CPU
		{9B3A8879-09AD-441A-AAA5-0732B9A64E70}.Release|x64.Build.0 = Release|Any CPU
		{9B3A8879-09AD-441A-AAA5-0732B9A64E70}.Release|x86.ActiveCfg = Release|Any CPU
		{9B3A8879-09AD-441A-AAA5-0732B9A64E70}.Release|x86.Build.0 = Release|Any CPU
		{C76C97AA-7719-46FF-877F-6B6F764CEC65}.Debug|Any CPU.ActiveCfg = Debug|Any CPU
		{C76C97AA-7719-46FF-877F-6B6F764CEC65}.Debug|Any CPU.Build.0 = Debug|Any CPU
		{C76C97AA-7719-46FF-877F-6B6F764CEC65}.Debug|ARM.ActiveCfg = Debug|Any CPU
		{C76C97AA-7719-46FF-877F-6B6F764CEC65}.Debug|ARM.Build.0 = Debug|Any CPU
		{C76C97AA-7719-46FF-877F-6B6F764CEC65}.Debug|ARM64.ActiveCfg = Debug|Any CPU
		{C76C97AA-7719-46FF-877F-6B6F764CEC65}.Debug|ARM64.Build.0 = Debug|Any CPU
		{C76C97AA-7719-46FF-877F-6B6F764CEC65}.Debug|x64.ActiveCfg = Debug|Any CPU
		{C76C97AA-7719-46FF-877F-6B6F764CEC65}.Debug|x64.Build.0 = Debug|Any CPU
		{C76C97AA-7719-46FF-877F-6B6F764CEC65}.Debug|x86.ActiveCfg = Debug|Any CPU
		{C76C97AA-7719-46FF-877F-6B6F764CEC65}.Debug|x86.Build.0 = Debug|Any CPU
		{C76C97AA-7719-46FF-877F-6B6F764CEC65}.Release|Any CPU.ActiveCfg = Release|Any CPU
		{C76C97AA-7719-46FF-877F-6B6F764CEC65}.Release|Any CPU.Build.0 = Release|Any CPU
		{C76C97AA-7719-46FF-877F-6B6F764CEC65}.Release|ARM.ActiveCfg = Release|Any CPU
		{C76C97AA-7719-46FF-877F-6B6F764CEC65}.Release|ARM.Build.0 = Release|Any CPU
		{C76C97AA-7719-46FF-877F-6B6F764CEC65}.Release|ARM64.ActiveCfg = Release|Any CPU
		{C76C97AA-7719-46FF-877F-6B6F764CEC65}.Release|ARM64.Build.0 = Release|Any CPU
		{C76C97AA-7719-46FF-877F-6B6F764CEC65}.Release|x64.ActiveCfg = Release|Any CPU
		{C76C97AA-7719-46FF-877F-6B6F764CEC65}.Release|x64.Build.0 = Release|Any CPU
		{C76C97AA-7719-46FF-877F-6B6F764CEC65}.Release|x86.ActiveCfg = Release|Any CPU
		{C76C97AA-7719-46FF-877F-6B6F764CEC65}.Release|x86.Build.0 = Release|Any CPU
		{AA1FD003-8B0F-4D83-9E1C-59072EC9A207}.Debug|Any CPU.ActiveCfg = Debug|Any CPU
		{AA1FD003-8B0F-4D83-9E1C-59072EC9A207}.Debug|Any CPU.Build.0 = Debug|Any CPU
		{AA1FD003-8B0F-4D83-9E1C-59072EC9A207}.Debug|ARM.ActiveCfg = Debug|Any CPU
		{AA1FD003-8B0F-4D83-9E1C-59072EC9A207}.Debug|ARM.Build.0 = Debug|Any CPU
		{AA1FD003-8B0F-4D83-9E1C-59072EC9A207}.Debug|ARM64.ActiveCfg = Debug|Any CPU
		{AA1FD003-8B0F-4D83-9E1C-59072EC9A207}.Debug|ARM64.Build.0 = Debug|Any CPU
		{AA1FD003-8B0F-4D83-9E1C-59072EC9A207}.Debug|x64.ActiveCfg = Debug|Any CPU
		{AA1FD003-8B0F-4D83-9E1C-59072EC9A207}.Debug|x64.Build.0 = Debug|Any CPU
		{AA1FD003-8B0F-4D83-9E1C-59072EC9A207}.Debug|x86.ActiveCfg = Debug|Any CPU
		{AA1FD003-8B0F-4D83-9E1C-59072EC9A207}.Debug|x86.Build.0 = Debug|Any CPU
		{AA1FD003-8B0F-4D83-9E1C-59072EC9A207}.Release|Any CPU.ActiveCfg = Release|Any CPU
		{AA1FD003-8B0F-4D83-9E1C-59072EC9A207}.Release|Any CPU.Build.0 = Release|Any CPU
		{AA1FD003-8B0F-4D83-9E1C-59072EC9A207}.Release|ARM.ActiveCfg = Release|Any CPU
		{AA1FD003-8B0F-4D83-9E1C-59072EC9A207}.Release|ARM.Build.0 = Release|Any CPU
		{AA1FD003-8B0F-4D83-9E1C-59072EC9A207}.Release|ARM64.ActiveCfg = Release|Any CPU
		{AA1FD003-8B0F-4D83-9E1C-59072EC9A207}.Release|ARM64.Build.0 = Release|Any CPU
		{AA1FD003-8B0F-4D83-9E1C-59072EC9A207}.Release|x64.ActiveCfg = Release|Any CPU
		{AA1FD003-8B0F-4D83-9E1C-59072EC9A207}.Release|x64.Build.0 = Release|Any CPU
		{AA1FD003-8B0F-4D83-9E1C-59072EC9A207}.Release|x86.ActiveCfg = Release|Any CPU
		{AA1FD003-8B0F-4D83-9E1C-59072EC9A207}.Release|x86.Build.0 = Release|Any CPU
		{D4BA3AB0-90D1-4335-A6A9-D1B2684F8928}.Debug|Any CPU.ActiveCfg = Debug|Any CPU
		{D4BA3AB0-90D1-4335-A6A9-D1B2684F8928}.Debug|Any CPU.Build.0 = Debug|Any CPU
		{D4BA3AB0-90D1-4335-A6A9-D1B2684F8928}.Debug|ARM.ActiveCfg = Debug|Any CPU
		{D4BA3AB0-90D1-4335-A6A9-D1B2684F8928}.Debug|ARM.Build.0 = Debug|Any CPU
		{D4BA3AB0-90D1-4335-A6A9-D1B2684F8928}.Debug|ARM64.ActiveCfg = Debug|Any CPU
		{D4BA3AB0-90D1-4335-A6A9-D1B2684F8928}.Debug|ARM64.Build.0 = Debug|Any CPU
		{D4BA3AB0-90D1-4335-A6A9-D1B2684F8928}.Debug|x64.ActiveCfg = Debug|Any CPU
		{D4BA3AB0-90D1-4335-A6A9-D1B2684F8928}.Debug|x64.Build.0 = Debug|Any CPU
		{D4BA3AB0-90D1-4335-A6A9-D1B2684F8928}.Debug|x86.ActiveCfg = Debug|Any CPU
		{D4BA3AB0-90D1-4335-A6A9-D1B2684F8928}.Debug|x86.Build.0 = Debug|Any CPU
		{D4BA3AB0-90D1-4335-A6A9-D1B2684F8928}.Release|Any CPU.ActiveCfg = Release|Any CPU
		{D4BA3AB0-90D1-4335-A6A9-D1B2684F8928}.Release|Any CPU.Build.0 = Release|Any CPU
		{D4BA3AB0-90D1-4335-A6A9-D1B2684F8928}.Release|ARM.ActiveCfg = Release|Any CPU
		{D4BA3AB0-90D1-4335-A6A9-D1B2684F8928}.Release|ARM.Build.0 = Release|Any CPU
		{D4BA3AB0-90D1-4335-A6A9-D1B2684F8928}.Release|ARM64.ActiveCfg = Release|Any CPU
		{D4BA3AB0-90D1-4335-A6A9-D1B2684F8928}.Release|ARM64.Build.0 = Release|Any CPU
		{D4BA3AB0-90D1-4335-A6A9-D1B2684F8928}.Release|x64.ActiveCfg = Release|Any CPU
		{D4BA3AB0-90D1-4335-A6A9-D1B2684F8928}.Release|x64.Build.0 = Release|Any CPU
		{D4BA3AB0-90D1-4335-A6A9-D1B2684F8928}.Release|x86.ActiveCfg = Release|Any CPU
		{D4BA3AB0-90D1-4335-A6A9-D1B2684F8928}.Release|x86.Build.0 = Release|Any CPU
		{8B8A270E-B74F-4F08-A2C2-ECC7B7C2159C}.Debug|Any CPU.ActiveCfg = Debug|Any CPU
		{8B8A270E-B74F-4F08-A2C2-ECC7B7C2159C}.Debug|Any CPU.Build.0 = Debug|Any CPU
		{8B8A270E-B74F-4F08-A2C2-ECC7B7C2159C}.Debug|ARM.ActiveCfg = Debug|Any CPU
		{8B8A270E-B74F-4F08-A2C2-ECC7B7C2159C}.Debug|ARM.Build.0 = Debug|Any CPU
		{8B8A270E-B74F-4F08-A2C2-ECC7B7C2159C}.Debug|ARM64.ActiveCfg = Debug|Any CPU
		{8B8A270E-B74F-4F08-A2C2-ECC7B7C2159C}.Debug|ARM64.Build.0 = Debug|Any CPU
		{8B8A270E-B74F-4F08-A2C2-ECC7B7C2159C}.Debug|x64.ActiveCfg = Debug|Any CPU
		{8B8A270E-B74F-4F08-A2C2-ECC7B7C2159C}.Debug|x64.Build.0 = Debug|Any CPU
		{8B8A270E-B74F-4F08-A2C2-ECC7B7C2159C}.Debug|x86.ActiveCfg = Debug|Any CPU
		{8B8A270E-B74F-4F08-A2C2-ECC7B7C2159C}.Debug|x86.Build.0 = Debug|Any CPU
		{8B8A270E-B74F-4F08-A2C2-ECC7B7C2159C}.Release|Any CPU.ActiveCfg = Release|Any CPU
		{8B8A270E-B74F-4F08-A2C2-ECC7B7C2159C}.Release|Any CPU.Build.0 = Release|Any CPU
		{8B8A270E-B74F-4F08-A2C2-ECC7B7C2159C}.Release|ARM.ActiveCfg = Release|Any CPU
		{8B8A270E-B74F-4F08-A2C2-ECC7B7C2159C}.Release|ARM.Build.0 = Release|Any CPU
		{8B8A270E-B74F-4F08-A2C2-ECC7B7C2159C}.Release|ARM64.ActiveCfg = Release|Any CPU
		{8B8A270E-B74F-4F08-A2C2-ECC7B7C2159C}.Release|ARM64.Build.0 = Release|Any CPU
		{8B8A270E-B74F-4F08-A2C2-ECC7B7C2159C}.Release|x64.ActiveCfg = Release|Any CPU
		{8B8A270E-B74F-4F08-A2C2-ECC7B7C2159C}.Release|x64.Build.0 = Release|Any CPU
		{8B8A270E-B74F-4F08-A2C2-ECC7B7C2159C}.Release|x86.ActiveCfg = Release|Any CPU
		{8B8A270E-B74F-4F08-A2C2-ECC7B7C2159C}.Release|x86.Build.0 = Release|Any CPU
		{169A226B-D08A-4D26-A65E-0B734357DB40}.Debug|Any CPU.ActiveCfg = Debug|Any CPU
		{169A226B-D08A-4D26-A65E-0B734357DB40}.Debug|Any CPU.Build.0 = Debug|Any CPU
		{169A226B-D08A-4D26-A65E-0B734357DB40}.Debug|ARM.ActiveCfg = Debug|Any CPU
		{169A226B-D08A-4D26-A65E-0B734357DB40}.Debug|ARM.Build.0 = Debug|Any CPU
		{169A226B-D08A-4D26-A65E-0B734357DB40}.Debug|ARM64.ActiveCfg = Debug|Any CPU
		{169A226B-D08A-4D26-A65E-0B734357DB40}.Debug|ARM64.Build.0 = Debug|Any CPU
		{169A226B-D08A-4D26-A65E-0B734357DB40}.Debug|x64.ActiveCfg = Debug|Any CPU
		{169A226B-D08A-4D26-A65E-0B734357DB40}.Debug|x64.Build.0 = Debug|Any CPU
		{169A226B-D08A-4D26-A65E-0B734357DB40}.Debug|x86.ActiveCfg = Debug|Any CPU
		{169A226B-D08A-4D26-A65E-0B734357DB40}.Debug|x86.Build.0 = Debug|Any CPU
		{169A226B-D08A-4D26-A65E-0B734357DB40}.Release|Any CPU.ActiveCfg = Release|Any CPU
		{169A226B-D08A-4D26-A65E-0B734357DB40}.Release|Any CPU.Build.0 = Release|Any CPU
		{169A226B-D08A-4D26-A65E-0B734357DB40}.Release|ARM.ActiveCfg = Release|Any CPU
		{169A226B-D08A-4D26-A65E-0B734357DB40}.Release|ARM.Build.0 = Release|Any CPU
		{169A226B-D08A-4D26-A65E-0B734357DB40}.Release|ARM64.ActiveCfg = Release|Any CPU
		{169A226B-D08A-4D26-A65E-0B734357DB40}.Release|ARM64.Build.0 = Release|Any CPU
		{169A226B-D08A-4D26-A65E-0B734357DB40}.Release|x64.ActiveCfg = Release|Any CPU
		{169A226B-D08A-4D26-A65E-0B734357DB40}.Release|x64.Build.0 = Release|Any CPU
		{169A226B-D08A-4D26-A65E-0B734357DB40}.Release|x86.ActiveCfg = Release|Any CPU
		{169A226B-D08A-4D26-A65E-0B734357DB40}.Release|x86.Build.0 = Release|Any CPU
		{E3F1C91B-A259-4323-A915-7DB8D6C4855B}.Debug|Any CPU.ActiveCfg = Debug|Any CPU
		{E3F1C91B-A259-4323-A915-7DB8D6C4855B}.Debug|Any CPU.Build.0 = Debug|Any CPU
		{E3F1C91B-A259-4323-A915-7DB8D6C4855B}.Debug|ARM.ActiveCfg = Debug|Any CPU
		{E3F1C91B-A259-4323-A915-7DB8D6C4855B}.Debug|ARM.Build.0 = Debug|Any CPU
		{E3F1C91B-A259-4323-A915-7DB8D6C4855B}.Debug|ARM64.ActiveCfg = Debug|Any CPU
		{E3F1C91B-A259-4323-A915-7DB8D6C4855B}.Debug|ARM64.Build.0 = Debug|Any CPU
		{E3F1C91B-A259-4323-A915-7DB8D6C4855B}.Debug|x64.ActiveCfg = Debug|Any CPU
		{E3F1C91B-A259-4323-A915-7DB8D6C4855B}.Debug|x64.Build.0 = Debug|Any CPU
		{E3F1C91B-A259-4323-A915-7DB8D6C4855B}.Debug|x86.ActiveCfg = Debug|Any CPU
		{E3F1C91B-A259-4323-A915-7DB8D6C4855B}.Debug|x86.Build.0 = Debug|Any CPU
		{E3F1C91B-A259-4323-A915-7DB8D6C4855B}.Release|Any CPU.ActiveCfg = Release|Any CPU
		{E3F1C91B-A259-4323-A915-7DB8D6C4855B}.Release|Any CPU.Build.0 = Release|Any CPU
		{E3F1C91B-A259-4323-A915-7DB8D6C4855B}.Release|ARM.ActiveCfg = Release|Any CPU
		{E3F1C91B-A259-4323-A915-7DB8D6C4855B}.Release|ARM.Build.0 = Release|Any CPU
		{E3F1C91B-A259-4323-A915-7DB8D6C4855B}.Release|ARM64.ActiveCfg = Release|Any CPU
		{E3F1C91B-A259-4323-A915-7DB8D6C4855B}.Release|ARM64.Build.0 = Release|Any CPU
		{E3F1C91B-A259-4323-A915-7DB8D6C4855B}.Release|x64.ActiveCfg = Release|Any CPU
		{E3F1C91B-A259-4323-A915-7DB8D6C4855B}.Release|x64.Build.0 = Release|Any CPU
		{E3F1C91B-A259-4323-A915-7DB8D6C4855B}.Release|x86.ActiveCfg = Release|Any CPU
		{E3F1C91B-A259-4323-A915-7DB8D6C4855B}.Release|x86.Build.0 = Release|Any CPU
		{4620700B-BD19-4B3D-BEF3-735D0BC6CF75}.Debug|Any CPU.ActiveCfg = Debug|Any CPU
		{4620700B-BD19-4B3D-BEF3-735D0BC6CF75}.Debug|Any CPU.Build.0 = Debug|Any CPU
		{4620700B-BD19-4B3D-BEF3-735D0BC6CF75}.Debug|ARM.ActiveCfg = Debug|Any CPU
		{4620700B-BD19-4B3D-BEF3-735D0BC6CF75}.Debug|ARM.Build.0 = Debug|Any CPU
		{4620700B-BD19-4B3D-BEF3-735D0BC6CF75}.Debug|ARM64.ActiveCfg = Debug|Any CPU
		{4620700B-BD19-4B3D-BEF3-735D0BC6CF75}.Debug|ARM64.Build.0 = Debug|Any CPU
		{4620700B-BD19-4B3D-BEF3-735D0BC6CF75}.Debug|x64.ActiveCfg = Debug|Any CPU
		{4620700B-BD19-4B3D-BEF3-735D0BC6CF75}.Debug|x64.Build.0 = Debug|Any CPU
		{4620700B-BD19-4B3D-BEF3-735D0BC6CF75}.Debug|x86.ActiveCfg = Debug|Any CPU
		{4620700B-BD19-4B3D-BEF3-735D0BC6CF75}.Debug|x86.Build.0 = Debug|Any CPU
		{4620700B-BD19-4B3D-BEF3-735D0BC6CF75}.Release|Any CPU.ActiveCfg = Release|Any CPU
		{4620700B-BD19-4B3D-BEF3-735D0BC6CF75}.Release|Any CPU.Build.0 = Release|Any CPU
		{4620700B-BD19-4B3D-BEF3-735D0BC6CF75}.Release|ARM.ActiveCfg = Release|Any CPU
		{4620700B-BD19-4B3D-BEF3-735D0BC6CF75}.Release|ARM.Build.0 = Release|Any CPU
		{4620700B-BD19-4B3D-BEF3-735D0BC6CF75}.Release|ARM64.ActiveCfg = Release|Any CPU
		{4620700B-BD19-4B3D-BEF3-735D0BC6CF75}.Release|ARM64.Build.0 = Release|Any CPU
		{4620700B-BD19-4B3D-BEF3-735D0BC6CF75}.Release|x64.ActiveCfg = Release|Any CPU
		{4620700B-BD19-4B3D-BEF3-735D0BC6CF75}.Release|x64.Build.0 = Release|Any CPU
		{4620700B-BD19-4B3D-BEF3-735D0BC6CF75}.Release|x86.ActiveCfg = Release|Any CPU
		{4620700B-BD19-4B3D-BEF3-735D0BC6CF75}.Release|x86.Build.0 = Release|Any CPU
		{D239B667-018A-491C-99CE-288FB94B001B}.Debug|Any CPU.ActiveCfg = Debug|Any CPU
		{D239B667-018A-491C-99CE-288FB94B001B}.Debug|Any CPU.Build.0 = Debug|Any CPU
		{D239B667-018A-491C-99CE-288FB94B001B}.Debug|ARM.ActiveCfg = Debug|Any CPU
		{D239B667-018A-491C-99CE-288FB94B001B}.Debug|ARM.Build.0 = Debug|Any CPU
		{D239B667-018A-491C-99CE-288FB94B001B}.Debug|ARM64.ActiveCfg = Debug|Any CPU
		{D239B667-018A-491C-99CE-288FB94B001B}.Debug|ARM64.Build.0 = Debug|Any CPU
		{D239B667-018A-491C-99CE-288FB94B001B}.Debug|x64.ActiveCfg = Debug|Any CPU
		{D239B667-018A-491C-99CE-288FB94B001B}.Debug|x64.Build.0 = Debug|Any CPU
		{D239B667-018A-491C-99CE-288FB94B001B}.Debug|x86.ActiveCfg = Debug|Any CPU
		{D239B667-018A-491C-99CE-288FB94B001B}.Debug|x86.Build.0 = Debug|Any CPU
		{D239B667-018A-491C-99CE-288FB94B001B}.Release|Any CPU.ActiveCfg = Release|Any CPU
		{D239B667-018A-491C-99CE-288FB94B001B}.Release|Any CPU.Build.0 = Release|Any CPU
		{D239B667-018A-491C-99CE-288FB94B001B}.Release|ARM.ActiveCfg = Release|Any CPU
		{D239B667-018A-491C-99CE-288FB94B001B}.Release|ARM.Build.0 = Release|Any CPU
		{D239B667-018A-491C-99CE-288FB94B001B}.Release|ARM64.ActiveCfg = Release|Any CPU
		{D239B667-018A-491C-99CE-288FB94B001B}.Release|ARM64.Build.0 = Release|Any CPU
		{D239B667-018A-491C-99CE-288FB94B001B}.Release|x64.ActiveCfg = Release|Any CPU
		{D239B667-018A-491C-99CE-288FB94B001B}.Release|x64.Build.0 = Release|Any CPU
		{D239B667-018A-491C-99CE-288FB94B001B}.Release|x86.ActiveCfg = Release|Any CPU
		{D239B667-018A-491C-99CE-288FB94B001B}.Release|x86.Build.0 = Release|Any CPU
		{AC4486E4-D2F0-488E-AEB6-A8A3AD290B1D}.Debug|Any CPU.ActiveCfg = Debug|Any CPU
		{AC4486E4-D2F0-488E-AEB6-A8A3AD290B1D}.Debug|Any CPU.Build.0 = Debug|Any CPU
		{AC4486E4-D2F0-488E-AEB6-A8A3AD290B1D}.Debug|ARM.ActiveCfg = Debug|Any CPU
		{AC4486E4-D2F0-488E-AEB6-A8A3AD290B1D}.Debug|ARM.Build.0 = Debug|Any CPU
		{AC4486E4-D2F0-488E-AEB6-A8A3AD290B1D}.Debug|ARM64.ActiveCfg = Debug|Any CPU
		{AC4486E4-D2F0-488E-AEB6-A8A3AD290B1D}.Debug|ARM64.Build.0 = Debug|Any CPU
		{AC4486E4-D2F0-488E-AEB6-A8A3AD290B1D}.Debug|x64.ActiveCfg = Debug|Any CPU
		{AC4486E4-D2F0-488E-AEB6-A8A3AD290B1D}.Debug|x64.Build.0 = Debug|Any CPU
		{AC4486E4-D2F0-488E-AEB6-A8A3AD290B1D}.Debug|x86.ActiveCfg = Debug|Any CPU
		{AC4486E4-D2F0-488E-AEB6-A8A3AD290B1D}.Debug|x86.Build.0 = Debug|Any CPU
		{AC4486E4-D2F0-488E-AEB6-A8A3AD290B1D}.Release|Any CPU.ActiveCfg = Release|Any CPU
		{AC4486E4-D2F0-488E-AEB6-A8A3AD290B1D}.Release|Any CPU.Build.0 = Release|Any CPU
		{AC4486E4-D2F0-488E-AEB6-A8A3AD290B1D}.Release|ARM.ActiveCfg = Release|Any CPU
		{AC4486E4-D2F0-488E-AEB6-A8A3AD290B1D}.Release|ARM.Build.0 = Release|Any CPU
		{AC4486E4-D2F0-488E-AEB6-A8A3AD290B1D}.Release|ARM64.ActiveCfg = Release|Any CPU
		{AC4486E4-D2F0-488E-AEB6-A8A3AD290B1D}.Release|ARM64.Build.0 = Release|Any CPU
		{AC4486E4-D2F0-488E-AEB6-A8A3AD290B1D}.Release|x64.ActiveCfg = Release|Any CPU
		{AC4486E4-D2F0-488E-AEB6-A8A3AD290B1D}.Release|x64.Build.0 = Release|Any CPU
		{AC4486E4-D2F0-488E-AEB6-A8A3AD290B1D}.Release|x86.ActiveCfg = Release|Any CPU
		{AC4486E4-D2F0-488E-AEB6-A8A3AD290B1D}.Release|x86.Build.0 = Release|Any CPU
		{1B4827AA-944D-40A0-A66F-C846922AEB7E}.Debug|Any CPU.ActiveCfg = Debug|Any CPU
		{1B4827AA-944D-40A0-A66F-C846922AEB7E}.Debug|Any CPU.Build.0 = Debug|Any CPU
		{1B4827AA-944D-40A0-A66F-C846922AEB7E}.Debug|ARM.ActiveCfg = Debug|Any CPU
		{1B4827AA-944D-40A0-A66F-C846922AEB7E}.Debug|ARM.Build.0 = Debug|Any CPU
		{1B4827AA-944D-40A0-A66F-C846922AEB7E}.Debug|ARM64.ActiveCfg = Debug|Any CPU
		{1B4827AA-944D-40A0-A66F-C846922AEB7E}.Debug|ARM64.Build.0 = Debug|Any CPU
		{1B4827AA-944D-40A0-A66F-C846922AEB7E}.Debug|x64.ActiveCfg = Debug|Any CPU
		{1B4827AA-944D-40A0-A66F-C846922AEB7E}.Debug|x64.Build.0 = Debug|Any CPU
		{1B4827AA-944D-40A0-A66F-C846922AEB7E}.Debug|x86.ActiveCfg = Debug|Any CPU
		{1B4827AA-944D-40A0-A66F-C846922AEB7E}.Debug|x86.Build.0 = Debug|Any CPU
		{1B4827AA-944D-40A0-A66F-C846922AEB7E}.Release|Any CPU.ActiveCfg = Release|Any CPU
		{1B4827AA-944D-40A0-A66F-C846922AEB7E}.Release|Any CPU.Build.0 = Release|Any CPU
		{1B4827AA-944D-40A0-A66F-C846922AEB7E}.Release|ARM.ActiveCfg = Release|Any CPU
		{1B4827AA-944D-40A0-A66F-C846922AEB7E}.Release|ARM.Build.0 = Release|Any CPU
		{1B4827AA-944D-40A0-A66F-C846922AEB7E}.Release|ARM64.ActiveCfg = Release|Any CPU
		{1B4827AA-944D-40A0-A66F-C846922AEB7E}.Release|ARM64.Build.0 = Release|Any CPU
		{1B4827AA-944D-40A0-A66F-C846922AEB7E}.Release|x64.ActiveCfg = Release|Any CPU
		{1B4827AA-944D-40A0-A66F-C846922AEB7E}.Release|x64.Build.0 = Release|Any CPU
		{1B4827AA-944D-40A0-A66F-C846922AEB7E}.Release|x86.ActiveCfg = Release|Any CPU
		{1B4827AA-944D-40A0-A66F-C846922AEB7E}.Release|x86.Build.0 = Release|Any CPU
		{7B067105-6485-4F1D-8A59-03C668871212}.Debug|Any CPU.ActiveCfg = Debug|Any CPU
		{7B067105-6485-4F1D-8A59-03C668871212}.Debug|Any CPU.Build.0 = Debug|Any CPU
		{7B067105-6485-4F1D-8A59-03C668871212}.Debug|ARM.ActiveCfg = Debug|Any CPU
		{7B067105-6485-4F1D-8A59-03C668871212}.Debug|ARM.Build.0 = Debug|Any CPU
		{7B067105-6485-4F1D-8A59-03C668871212}.Debug|ARM64.ActiveCfg = Debug|Any CPU
		{7B067105-6485-4F1D-8A59-03C668871212}.Debug|ARM64.Build.0 = Debug|Any CPU
		{7B067105-6485-4F1D-8A59-03C668871212}.Debug|x64.ActiveCfg = Debug|Any CPU
		{7B067105-6485-4F1D-8A59-03C668871212}.Debug|x64.Build.0 = Debug|Any CPU
		{7B067105-6485-4F1D-8A59-03C668871212}.Debug|x86.ActiveCfg = Debug|Any CPU
		{7B067105-6485-4F1D-8A59-03C668871212}.Debug|x86.Build.0 = Debug|Any CPU
		{7B067105-6485-4F1D-8A59-03C668871212}.Release|Any CPU.ActiveCfg = Release|Any CPU
		{7B067105-6485-4F1D-8A59-03C668871212}.Release|Any CPU.Build.0 = Release|Any CPU
		{7B067105-6485-4F1D-8A59-03C668871212}.Release|ARM.ActiveCfg = Release|Any CPU
		{7B067105-6485-4F1D-8A59-03C668871212}.Release|ARM.Build.0 = Release|Any CPU
		{7B067105-6485-4F1D-8A59-03C668871212}.Release|ARM64.ActiveCfg = Release|Any CPU
		{7B067105-6485-4F1D-8A59-03C668871212}.Release|ARM64.Build.0 = Release|Any CPU
		{7B067105-6485-4F1D-8A59-03C668871212}.Release|x64.ActiveCfg = Release|Any CPU
		{7B067105-6485-4F1D-8A59-03C668871212}.Release|x64.Build.0 = Release|Any CPU
		{7B067105-6485-4F1D-8A59-03C668871212}.Release|x86.ActiveCfg = Release|Any CPU
		{7B067105-6485-4F1D-8A59-03C668871212}.Release|x86.Build.0 = Release|Any CPU
		{FAA7FAD1-22C7-4A83-8D75-0FD0264FEA2D}.Debug|Any CPU.ActiveCfg = Debug|Any CPU
		{FAA7FAD1-22C7-4A83-8D75-0FD0264FEA2D}.Debug|Any CPU.Build.0 = Debug|Any CPU
		{FAA7FAD1-22C7-4A83-8D75-0FD0264FEA2D}.Debug|ARM.ActiveCfg = Debug|Any CPU
		{FAA7FAD1-22C7-4A83-8D75-0FD0264FEA2D}.Debug|ARM.Build.0 = Debug|Any CPU
		{FAA7FAD1-22C7-4A83-8D75-0FD0264FEA2D}.Debug|ARM64.ActiveCfg = Debug|Any CPU
		{FAA7FAD1-22C7-4A83-8D75-0FD0264FEA2D}.Debug|ARM64.Build.0 = Debug|Any CPU
		{FAA7FAD1-22C7-4A83-8D75-0FD0264FEA2D}.Debug|x64.ActiveCfg = Debug|Any CPU
		{FAA7FAD1-22C7-4A83-8D75-0FD0264FEA2D}.Debug|x64.Build.0 = Debug|Any CPU
		{FAA7FAD1-22C7-4A83-8D75-0FD0264FEA2D}.Debug|x86.ActiveCfg = Debug|Any CPU
		{FAA7FAD1-22C7-4A83-8D75-0FD0264FEA2D}.Debug|x86.Build.0 = Debug|Any CPU
		{FAA7FAD1-22C7-4A83-8D75-0FD0264FEA2D}.Release|Any CPU.ActiveCfg = Release|Any CPU
		{FAA7FAD1-22C7-4A83-8D75-0FD0264FEA2D}.Release|Any CPU.Build.0 = Release|Any CPU
		{FAA7FAD1-22C7-4A83-8D75-0FD0264FEA2D}.Release|ARM.ActiveCfg = Release|Any CPU
		{FAA7FAD1-22C7-4A83-8D75-0FD0264FEA2D}.Release|ARM.Build.0 = Release|Any CPU
		{FAA7FAD1-22C7-4A83-8D75-0FD0264FEA2D}.Release|ARM64.ActiveCfg = Release|Any CPU
		{FAA7FAD1-22C7-4A83-8D75-0FD0264FEA2D}.Release|ARM64.Build.0 = Release|Any CPU
		{FAA7FAD1-22C7-4A83-8D75-0FD0264FEA2D}.Release|x64.ActiveCfg = Release|Any CPU
		{FAA7FAD1-22C7-4A83-8D75-0FD0264FEA2D}.Release|x64.Build.0 = Release|Any CPU
		{FAA7FAD1-22C7-4A83-8D75-0FD0264FEA2D}.Release|x86.ActiveCfg = Release|Any CPU
		{FAA7FAD1-22C7-4A83-8D75-0FD0264FEA2D}.Release|x86.Build.0 = Release|Any CPU
		{539543EF-E9DA-4B3A-93C3-396285B03189}.Debug|Any CPU.ActiveCfg = Debug|Any CPU
		{539543EF-E9DA-4B3A-93C3-396285B03189}.Debug|Any CPU.Build.0 = Debug|Any CPU
		{539543EF-E9DA-4B3A-93C3-396285B03189}.Debug|ARM.ActiveCfg = Debug|Any CPU
		{539543EF-E9DA-4B3A-93C3-396285B03189}.Debug|ARM.Build.0 = Debug|Any CPU
		{539543EF-E9DA-4B3A-93C3-396285B03189}.Debug|ARM64.ActiveCfg = Debug|Any CPU
		{539543EF-E9DA-4B3A-93C3-396285B03189}.Debug|ARM64.Build.0 = Debug|Any CPU
		{539543EF-E9DA-4B3A-93C3-396285B03189}.Debug|x64.ActiveCfg = Debug|Any CPU
		{539543EF-E9DA-4B3A-93C3-396285B03189}.Debug|x64.Build.0 = Debug|Any CPU
		{539543EF-E9DA-4B3A-93C3-396285B03189}.Debug|x86.ActiveCfg = Debug|Any CPU
		{539543EF-E9DA-4B3A-93C3-396285B03189}.Debug|x86.Build.0 = Debug|Any CPU
		{539543EF-E9DA-4B3A-93C3-396285B03189}.Release|Any CPU.ActiveCfg = Release|Any CPU
		{539543EF-E9DA-4B3A-93C3-396285B03189}.Release|Any CPU.Build.0 = Release|Any CPU
		{539543EF-E9DA-4B3A-93C3-396285B03189}.Release|ARM.ActiveCfg = Release|Any CPU
		{539543EF-E9DA-4B3A-93C3-396285B03189}.Release|ARM.Build.0 = Release|Any CPU
		{539543EF-E9DA-4B3A-93C3-396285B03189}.Release|ARM64.ActiveCfg = Release|Any CPU
		{539543EF-E9DA-4B3A-93C3-396285B03189}.Release|ARM64.Build.0 = Release|Any CPU
		{539543EF-E9DA-4B3A-93C3-396285B03189}.Release|x64.ActiveCfg = Release|Any CPU
		{539543EF-E9DA-4B3A-93C3-396285B03189}.Release|x64.Build.0 = Release|Any CPU
		{539543EF-E9DA-4B3A-93C3-396285B03189}.Release|x86.ActiveCfg = Release|Any CPU
		{539543EF-E9DA-4B3A-93C3-396285B03189}.Release|x86.Build.0 = Release|Any CPU
		{5705D4E5-D1BB-4A84-BF4B-A341D380DF28}.Debug|Any CPU.ActiveCfg = Debug|Any CPU
		{5705D4E5-D1BB-4A84-BF4B-A341D380DF28}.Debug|Any CPU.Build.0 = Debug|Any CPU
		{5705D4E5-D1BB-4A84-BF4B-A341D380DF28}.Debug|ARM.ActiveCfg = Debug|Any CPU
		{5705D4E5-D1BB-4A84-BF4B-A341D380DF28}.Debug|ARM.Build.0 = Debug|Any CPU
		{5705D4E5-D1BB-4A84-BF4B-A341D380DF28}.Debug|ARM64.ActiveCfg = Debug|Any CPU
		{5705D4E5-D1BB-4A84-BF4B-A341D380DF28}.Debug|ARM64.Build.0 = Debug|Any CPU
		{5705D4E5-D1BB-4A84-BF4B-A341D380DF28}.Debug|x64.ActiveCfg = Debug|Any CPU
		{5705D4E5-D1BB-4A84-BF4B-A341D380DF28}.Debug|x64.Build.0 = Debug|Any CPU
		{5705D4E5-D1BB-4A84-BF4B-A341D380DF28}.Debug|x86.ActiveCfg = Debug|Any CPU
		{5705D4E5-D1BB-4A84-BF4B-A341D380DF28}.Debug|x86.Build.0 = Debug|Any CPU
		{5705D4E5-D1BB-4A84-BF4B-A341D380DF28}.Release|Any CPU.ActiveCfg = Release|Any CPU
		{5705D4E5-D1BB-4A84-BF4B-A341D380DF28}.Release|Any CPU.Build.0 = Release|Any CPU
		{5705D4E5-D1BB-4A84-BF4B-A341D380DF28}.Release|ARM.ActiveCfg = Release|Any CPU
		{5705D4E5-D1BB-4A84-BF4B-A341D380DF28}.Release|ARM.Build.0 = Release|Any CPU
		{5705D4E5-D1BB-4A84-BF4B-A341D380DF28}.Release|ARM64.ActiveCfg = Release|Any CPU
		{5705D4E5-D1BB-4A84-BF4B-A341D380DF28}.Release|ARM64.Build.0 = Release|Any CPU
		{5705D4E5-D1BB-4A84-BF4B-A341D380DF28}.Release|x64.ActiveCfg = Release|Any CPU
		{5705D4E5-D1BB-4A84-BF4B-A341D380DF28}.Release|x64.Build.0 = Release|Any CPU
		{5705D4E5-D1BB-4A84-BF4B-A341D380DF28}.Release|x86.ActiveCfg = Release|Any CPU
		{5705D4E5-D1BB-4A84-BF4B-A341D380DF28}.Release|x86.Build.0 = Release|Any CPU
		{7DF4BDF5-E894-421C-99F1-612E3DDDBB25}.Debug|Any CPU.ActiveCfg = Debug|Any CPU
		{7DF4BDF5-E894-421C-99F1-612E3DDDBB25}.Debug|Any CPU.Build.0 = Debug|Any CPU
		{7DF4BDF5-E894-421C-99F1-612E3DDDBB25}.Debug|ARM.ActiveCfg = Debug|Any CPU
		{7DF4BDF5-E894-421C-99F1-612E3DDDBB25}.Debug|ARM.Build.0 = Debug|Any CPU
		{7DF4BDF5-E894-421C-99F1-612E3DDDBB25}.Debug|ARM64.ActiveCfg = Debug|Any CPU
		{7DF4BDF5-E894-421C-99F1-612E3DDDBB25}.Debug|ARM64.Build.0 = Debug|Any CPU
		{7DF4BDF5-E894-421C-99F1-612E3DDDBB25}.Debug|x64.ActiveCfg = Debug|Any CPU
		{7DF4BDF5-E894-421C-99F1-612E3DDDBB25}.Debug|x64.Build.0 = Debug|Any CPU
		{7DF4BDF5-E894-421C-99F1-612E3DDDBB25}.Debug|x86.ActiveCfg = Debug|Any CPU
		{7DF4BDF5-E894-421C-99F1-612E3DDDBB25}.Debug|x86.Build.0 = Debug|Any CPU
		{7DF4BDF5-E894-421C-99F1-612E3DDDBB25}.Release|Any CPU.ActiveCfg = Release|Any CPU
		{7DF4BDF5-E894-421C-99F1-612E3DDDBB25}.Release|Any CPU.Build.0 = Release|Any CPU
		{7DF4BDF5-E894-421C-99F1-612E3DDDBB25}.Release|ARM.ActiveCfg = Release|Any CPU
		{7DF4BDF5-E894-421C-99F1-612E3DDDBB25}.Release|ARM.Build.0 = Release|Any CPU
		{7DF4BDF5-E894-421C-99F1-612E3DDDBB25}.Release|ARM64.ActiveCfg = Release|Any CPU
		{7DF4BDF5-E894-421C-99F1-612E3DDDBB25}.Release|ARM64.Build.0 = Release|Any CPU
		{7DF4BDF5-E894-421C-99F1-612E3DDDBB25}.Release|x64.ActiveCfg = Release|Any CPU
		{7DF4BDF5-E894-421C-99F1-612E3DDDBB25}.Release|x64.Build.0 = Release|Any CPU
		{7DF4BDF5-E894-421C-99F1-612E3DDDBB25}.Release|x86.ActiveCfg = Release|Any CPU
		{7DF4BDF5-E894-421C-99F1-612E3DDDBB25}.Release|x86.Build.0 = Release|Any CPU
		{16CFE68D-187E-4606-873C-2A9537F63B4D}.Debug|Any CPU.ActiveCfg = Debug|Any CPU
		{16CFE68D-187E-4606-873C-2A9537F63B4D}.Debug|Any CPU.Build.0 = Debug|Any CPU
		{16CFE68D-187E-4606-873C-2A9537F63B4D}.Debug|ARM.ActiveCfg = Debug|Any CPU
		{16CFE68D-187E-4606-873C-2A9537F63B4D}.Debug|ARM.Build.0 = Debug|Any CPU
		{16CFE68D-187E-4606-873C-2A9537F63B4D}.Debug|ARM64.ActiveCfg = Debug|Any CPU
		{16CFE68D-187E-4606-873C-2A9537F63B4D}.Debug|ARM64.Build.0 = Debug|Any CPU
		{16CFE68D-187E-4606-873C-2A9537F63B4D}.Debug|x64.ActiveCfg = Debug|Any CPU
		{16CFE68D-187E-4606-873C-2A9537F63B4D}.Debug|x64.Build.0 = Debug|Any CPU
		{16CFE68D-187E-4606-873C-2A9537F63B4D}.Debug|x86.ActiveCfg = Debug|Any CPU
		{16CFE68D-187E-4606-873C-2A9537F63B4D}.Debug|x86.Build.0 = Debug|Any CPU
		{16CFE68D-187E-4606-873C-2A9537F63B4D}.Release|Any CPU.ActiveCfg = Release|Any CPU
		{16CFE68D-187E-4606-873C-2A9537F63B4D}.Release|Any CPU.Build.0 = Release|Any CPU
		{16CFE68D-187E-4606-873C-2A9537F63B4D}.Release|ARM.ActiveCfg = Release|Any CPU
		{16CFE68D-187E-4606-873C-2A9537F63B4D}.Release|ARM.Build.0 = Release|Any CPU
		{16CFE68D-187E-4606-873C-2A9537F63B4D}.Release|ARM64.ActiveCfg = Release|Any CPU
		{16CFE68D-187E-4606-873C-2A9537F63B4D}.Release|ARM64.Build.0 = Release|Any CPU
		{16CFE68D-187E-4606-873C-2A9537F63B4D}.Release|x64.ActiveCfg = Release|Any CPU
		{16CFE68D-187E-4606-873C-2A9537F63B4D}.Release|x64.Build.0 = Release|Any CPU
		{16CFE68D-187E-4606-873C-2A9537F63B4D}.Release|x86.ActiveCfg = Release|Any CPU
		{16CFE68D-187E-4606-873C-2A9537F63B4D}.Release|x86.Build.0 = Release|Any CPU
		{D4FF0488-8E17-4371-BA8F-2C4F2E643BEB}.Debug|Any CPU.ActiveCfg = Debug|Any CPU
		{D4FF0488-8E17-4371-BA8F-2C4F2E643BEB}.Debug|Any CPU.Build.0 = Debug|Any CPU
		{D4FF0488-8E17-4371-BA8F-2C4F2E643BEB}.Debug|ARM.ActiveCfg = Debug|Any CPU
		{D4FF0488-8E17-4371-BA8F-2C4F2E643BEB}.Debug|ARM.Build.0 = Debug|Any CPU
		{D4FF0488-8E17-4371-BA8F-2C4F2E643BEB}.Debug|ARM64.ActiveCfg = Debug|Any CPU
		{D4FF0488-8E17-4371-BA8F-2C4F2E643BEB}.Debug|ARM64.Build.0 = Debug|Any CPU
		{D4FF0488-8E17-4371-BA8F-2C4F2E643BEB}.Debug|x64.ActiveCfg = Debug|Any CPU
		{D4FF0488-8E17-4371-BA8F-2C4F2E643BEB}.Debug|x64.Build.0 = Debug|Any CPU
		{D4FF0488-8E17-4371-BA8F-2C4F2E643BEB}.Debug|x86.ActiveCfg = Debug|Any CPU
		{D4FF0488-8E17-4371-BA8F-2C4F2E643BEB}.Debug|x86.Build.0 = Debug|Any CPU
		{D4FF0488-8E17-4371-BA8F-2C4F2E643BEB}.Release|Any CPU.ActiveCfg = Release|Any CPU
		{D4FF0488-8E17-4371-BA8F-2C4F2E643BEB}.Release|Any CPU.Build.0 = Release|Any CPU
		{D4FF0488-8E17-4371-BA8F-2C4F2E643BEB}.Release|ARM.ActiveCfg = Release|Any CPU
		{D4FF0488-8E17-4371-BA8F-2C4F2E643BEB}.Release|ARM.Build.0 = Release|Any CPU
		{D4FF0488-8E17-4371-BA8F-2C4F2E643BEB}.Release|ARM64.ActiveCfg = Release|Any CPU
		{D4FF0488-8E17-4371-BA8F-2C4F2E643BEB}.Release|ARM64.Build.0 = Release|Any CPU
		{D4FF0488-8E17-4371-BA8F-2C4F2E643BEB}.Release|x64.ActiveCfg = Release|Any CPU
		{D4FF0488-8E17-4371-BA8F-2C4F2E643BEB}.Release|x64.Build.0 = Release|Any CPU
		{D4FF0488-8E17-4371-BA8F-2C4F2E643BEB}.Release|x86.ActiveCfg = Release|Any CPU
		{D4FF0488-8E17-4371-BA8F-2C4F2E643BEB}.Release|x86.Build.0 = Release|Any CPU
		{E68DAAEF-813D-496F-8A70-FE7620554DDE}.Debug|Any CPU.ActiveCfg = Debug|Any CPU
		{E68DAAEF-813D-496F-8A70-FE7620554DDE}.Debug|Any CPU.Build.0 = Debug|Any CPU
		{E68DAAEF-813D-496F-8A70-FE7620554DDE}.Debug|ARM.ActiveCfg = Debug|Any CPU
		{E68DAAEF-813D-496F-8A70-FE7620554DDE}.Debug|ARM.Build.0 = Debug|Any CPU
		{E68DAAEF-813D-496F-8A70-FE7620554DDE}.Debug|ARM64.ActiveCfg = Debug|Any CPU
		{E68DAAEF-813D-496F-8A70-FE7620554DDE}.Debug|ARM64.Build.0 = Debug|Any CPU
		{E68DAAEF-813D-496F-8A70-FE7620554DDE}.Debug|x64.ActiveCfg = Debug|Any CPU
		{E68DAAEF-813D-496F-8A70-FE7620554DDE}.Debug|x64.Build.0 = Debug|Any CPU
		{E68DAAEF-813D-496F-8A70-FE7620554DDE}.Debug|x86.ActiveCfg = Debug|Any CPU
		{E68DAAEF-813D-496F-8A70-FE7620554DDE}.Debug|x86.Build.0 = Debug|Any CPU
		{E68DAAEF-813D-496F-8A70-FE7620554DDE}.Release|Any CPU.ActiveCfg = Release|Any CPU
		{E68DAAEF-813D-496F-8A70-FE7620554DDE}.Release|Any CPU.Build.0 = Release|Any CPU
		{E68DAAEF-813D-496F-8A70-FE7620554DDE}.Release|ARM.ActiveCfg = Release|Any CPU
		{E68DAAEF-813D-496F-8A70-FE7620554DDE}.Release|ARM.Build.0 = Release|Any CPU
		{E68DAAEF-813D-496F-8A70-FE7620554DDE}.Release|ARM64.ActiveCfg = Release|Any CPU
		{E68DAAEF-813D-496F-8A70-FE7620554DDE}.Release|ARM64.Build.0 = Release|Any CPU
		{E68DAAEF-813D-496F-8A70-FE7620554DDE}.Release|x64.ActiveCfg = Release|Any CPU
		{E68DAAEF-813D-496F-8A70-FE7620554DDE}.Release|x64.Build.0 = Release|Any CPU
		{E68DAAEF-813D-496F-8A70-FE7620554DDE}.Release|x86.ActiveCfg = Release|Any CPU
		{E68DAAEF-813D-496F-8A70-FE7620554DDE}.Release|x86.Build.0 = Release|Any CPU
		{ADFF577C-DF60-48F7-ADD6-9BE7B1D1FA42}.Debug|Any CPU.ActiveCfg = Debug|Any CPU
		{ADFF577C-DF60-48F7-ADD6-9BE7B1D1FA42}.Debug|Any CPU.Build.0 = Debug|Any CPU
		{ADFF577C-DF60-48F7-ADD6-9BE7B1D1FA42}.Debug|ARM.ActiveCfg = Debug|Any CPU
		{ADFF577C-DF60-48F7-ADD6-9BE7B1D1FA42}.Debug|ARM.Build.0 = Debug|Any CPU
		{ADFF577C-DF60-48F7-ADD6-9BE7B1D1FA42}.Debug|ARM64.ActiveCfg = Debug|Any CPU
		{ADFF577C-DF60-48F7-ADD6-9BE7B1D1FA42}.Debug|ARM64.Build.0 = Debug|Any CPU
		{ADFF577C-DF60-48F7-ADD6-9BE7B1D1FA42}.Debug|x64.ActiveCfg = Debug|Any CPU
		{ADFF577C-DF60-48F7-ADD6-9BE7B1D1FA42}.Debug|x64.Build.0 = Debug|Any CPU
		{ADFF577C-DF60-48F7-ADD6-9BE7B1D1FA42}.Debug|x86.ActiveCfg = Debug|Any CPU
		{ADFF577C-DF60-48F7-ADD6-9BE7B1D1FA42}.Debug|x86.Build.0 = Debug|Any CPU
		{ADFF577C-DF60-48F7-ADD6-9BE7B1D1FA42}.Release|Any CPU.ActiveCfg = Release|Any CPU
		{ADFF577C-DF60-48F7-ADD6-9BE7B1D1FA42}.Release|Any CPU.Build.0 = Release|Any CPU
		{ADFF577C-DF60-48F7-ADD6-9BE7B1D1FA42}.Release|ARM.ActiveCfg = Release|Any CPU
		{ADFF577C-DF60-48F7-ADD6-9BE7B1D1FA42}.Release|ARM.Build.0 = Release|Any CPU
		{ADFF577C-DF60-48F7-ADD6-9BE7B1D1FA42}.Release|ARM64.ActiveCfg = Release|Any CPU
		{ADFF577C-DF60-48F7-ADD6-9BE7B1D1FA42}.Release|ARM64.Build.0 = Release|Any CPU
		{ADFF577C-DF60-48F7-ADD6-9BE7B1D1FA42}.Release|x64.ActiveCfg = Release|Any CPU
		{ADFF577C-DF60-48F7-ADD6-9BE7B1D1FA42}.Release|x64.Build.0 = Release|Any CPU
		{ADFF577C-DF60-48F7-ADD6-9BE7B1D1FA42}.Release|x86.ActiveCfg = Release|Any CPU
		{ADFF577C-DF60-48F7-ADD6-9BE7B1D1FA42}.Release|x86.Build.0 = Release|Any CPU
		{257B71E5-4316-4E4C-AFF5-92A971139C41}.Debug|Any CPU.ActiveCfg = Debug|Any CPU
		{257B71E5-4316-4E4C-AFF5-92A971139C41}.Debug|Any CPU.Build.0 = Debug|Any CPU
		{257B71E5-4316-4E4C-AFF5-92A971139C41}.Debug|ARM.ActiveCfg = Debug|Any CPU
		{257B71E5-4316-4E4C-AFF5-92A971139C41}.Debug|ARM.Build.0 = Debug|Any CPU
		{257B71E5-4316-4E4C-AFF5-92A971139C41}.Debug|ARM64.ActiveCfg = Debug|Any CPU
		{257B71E5-4316-4E4C-AFF5-92A971139C41}.Debug|ARM64.Build.0 = Debug|Any CPU
		{257B71E5-4316-4E4C-AFF5-92A971139C41}.Debug|x64.ActiveCfg = Debug|Any CPU
		{257B71E5-4316-4E4C-AFF5-92A971139C41}.Debug|x64.Build.0 = Debug|Any CPU
		{257B71E5-4316-4E4C-AFF5-92A971139C41}.Debug|x86.ActiveCfg = Debug|Any CPU
		{257B71E5-4316-4E4C-AFF5-92A971139C41}.Debug|x86.Build.0 = Debug|Any CPU
		{257B71E5-4316-4E4C-AFF5-92A971139C41}.Release|Any CPU.ActiveCfg = Release|Any CPU
		{257B71E5-4316-4E4C-AFF5-92A971139C41}.Release|Any CPU.Build.0 = Release|Any CPU
		{257B71E5-4316-4E4C-AFF5-92A971139C41}.Release|ARM.ActiveCfg = Release|Any CPU
		{257B71E5-4316-4E4C-AFF5-92A971139C41}.Release|ARM.Build.0 = Release|Any CPU
		{257B71E5-4316-4E4C-AFF5-92A971139C41}.Release|ARM64.ActiveCfg = Release|Any CPU
		{257B71E5-4316-4E4C-AFF5-92A971139C41}.Release|ARM64.Build.0 = Release|Any CPU
		{257B71E5-4316-4E4C-AFF5-92A971139C41}.Release|x64.ActiveCfg = Release|Any CPU
		{257B71E5-4316-4E4C-AFF5-92A971139C41}.Release|x64.Build.0 = Release|Any CPU
		{257B71E5-4316-4E4C-AFF5-92A971139C41}.Release|x86.ActiveCfg = Release|Any CPU
		{257B71E5-4316-4E4C-AFF5-92A971139C41}.Release|x86.Build.0 = Release|Any CPU
		{F165565D-6E5B-42CA-9452-C4BA061585A5}.Debug|Any CPU.ActiveCfg = Debug|Any CPU
		{F165565D-6E5B-42CA-9452-C4BA061585A5}.Debug|Any CPU.Build.0 = Debug|Any CPU
		{F165565D-6E5B-42CA-9452-C4BA061585A5}.Debug|ARM.ActiveCfg = Debug|Any CPU
		{F165565D-6E5B-42CA-9452-C4BA061585A5}.Debug|ARM.Build.0 = Debug|Any CPU
		{F165565D-6E5B-42CA-9452-C4BA061585A5}.Debug|ARM64.ActiveCfg = Debug|Any CPU
		{F165565D-6E5B-42CA-9452-C4BA061585A5}.Debug|ARM64.Build.0 = Debug|Any CPU
		{F165565D-6E5B-42CA-9452-C4BA061585A5}.Debug|x64.ActiveCfg = Debug|Any CPU
		{F165565D-6E5B-42CA-9452-C4BA061585A5}.Debug|x64.Build.0 = Debug|Any CPU
		{F165565D-6E5B-42CA-9452-C4BA061585A5}.Debug|x86.ActiveCfg = Debug|Any CPU
		{F165565D-6E5B-42CA-9452-C4BA061585A5}.Debug|x86.Build.0 = Debug|Any CPU
		{F165565D-6E5B-42CA-9452-C4BA061585A5}.Release|Any CPU.ActiveCfg = Release|Any CPU
		{F165565D-6E5B-42CA-9452-C4BA061585A5}.Release|Any CPU.Build.0 = Release|Any CPU
		{F165565D-6E5B-42CA-9452-C4BA061585A5}.Release|ARM.ActiveCfg = Release|Any CPU
		{F165565D-6E5B-42CA-9452-C4BA061585A5}.Release|ARM.Build.0 = Release|Any CPU
		{F165565D-6E5B-42CA-9452-C4BA061585A5}.Release|ARM64.ActiveCfg = Release|Any CPU
		{F165565D-6E5B-42CA-9452-C4BA061585A5}.Release|ARM64.Build.0 = Release|Any CPU
		{F165565D-6E5B-42CA-9452-C4BA061585A5}.Release|x64.ActiveCfg = Release|Any CPU
		{F165565D-6E5B-42CA-9452-C4BA061585A5}.Release|x64.Build.0 = Release|Any CPU
		{F165565D-6E5B-42CA-9452-C4BA061585A5}.Release|x86.ActiveCfg = Release|Any CPU
		{F165565D-6E5B-42CA-9452-C4BA061585A5}.Release|x86.Build.0 = Release|Any CPU
		{705561B0-81E3-4096-A056-BEC9943532A9}.Debug|Any CPU.ActiveCfg = Debug|Any CPU
		{705561B0-81E3-4096-A056-BEC9943532A9}.Debug|Any CPU.Build.0 = Debug|Any CPU
		{705561B0-81E3-4096-A056-BEC9943532A9}.Debug|ARM.ActiveCfg = Debug|Any CPU
		{705561B0-81E3-4096-A056-BEC9943532A9}.Debug|ARM.Build.0 = Debug|Any CPU
		{705561B0-81E3-4096-A056-BEC9943532A9}.Debug|ARM64.ActiveCfg = Debug|Any CPU
		{705561B0-81E3-4096-A056-BEC9943532A9}.Debug|ARM64.Build.0 = Debug|Any CPU
		{705561B0-81E3-4096-A056-BEC9943532A9}.Debug|x64.ActiveCfg = Debug|Any CPU
		{705561B0-81E3-4096-A056-BEC9943532A9}.Debug|x64.Build.0 = Debug|Any CPU
		{705561B0-81E3-4096-A056-BEC9943532A9}.Debug|x86.ActiveCfg = Debug|Any CPU
		{705561B0-81E3-4096-A056-BEC9943532A9}.Debug|x86.Build.0 = Debug|Any CPU
		{705561B0-81E3-4096-A056-BEC9943532A9}.Release|Any CPU.ActiveCfg = Release|Any CPU
		{705561B0-81E3-4096-A056-BEC9943532A9}.Release|Any CPU.Build.0 = Release|Any CPU
		{705561B0-81E3-4096-A056-BEC9943532A9}.Release|ARM.ActiveCfg = Release|Any CPU
		{705561B0-81E3-4096-A056-BEC9943532A9}.Release|ARM.Build.0 = Release|Any CPU
		{705561B0-81E3-4096-A056-BEC9943532A9}.Release|ARM64.ActiveCfg = Release|Any CPU
		{705561B0-81E3-4096-A056-BEC9943532A9}.Release|ARM64.Build.0 = Release|Any CPU
		{705561B0-81E3-4096-A056-BEC9943532A9}.Release|x64.ActiveCfg = Release|Any CPU
		{705561B0-81E3-4096-A056-BEC9943532A9}.Release|x64.Build.0 = Release|Any CPU
		{705561B0-81E3-4096-A056-BEC9943532A9}.Release|x86.ActiveCfg = Release|Any CPU
		{705561B0-81E3-4096-A056-BEC9943532A9}.Release|x86.Build.0 = Release|Any CPU
		{F0C6E84A-5A8F-4EB9-9DDC-BEFE38084A7B}.Debug|Any CPU.ActiveCfg = Debug|Any CPU
		{F0C6E84A-5A8F-4EB9-9DDC-BEFE38084A7B}.Debug|Any CPU.Build.0 = Debug|Any CPU
		{F0C6E84A-5A8F-4EB9-9DDC-BEFE38084A7B}.Debug|ARM.ActiveCfg = Debug|Any CPU
		{F0C6E84A-5A8F-4EB9-9DDC-BEFE38084A7B}.Debug|ARM.Build.0 = Debug|Any CPU
		{F0C6E84A-5A8F-4EB9-9DDC-BEFE38084A7B}.Debug|ARM64.ActiveCfg = Debug|Any CPU
		{F0C6E84A-5A8F-4EB9-9DDC-BEFE38084A7B}.Debug|ARM64.Build.0 = Debug|Any CPU
		{F0C6E84A-5A8F-4EB9-9DDC-BEFE38084A7B}.Debug|x64.ActiveCfg = Debug|Any CPU
		{F0C6E84A-5A8F-4EB9-9DDC-BEFE38084A7B}.Debug|x64.Build.0 = Debug|Any CPU
		{F0C6E84A-5A8F-4EB9-9DDC-BEFE38084A7B}.Debug|x86.ActiveCfg = Debug|Any CPU
		{F0C6E84A-5A8F-4EB9-9DDC-BEFE38084A7B}.Debug|x86.Build.0 = Debug|Any CPU
		{F0C6E84A-5A8F-4EB9-9DDC-BEFE38084A7B}.Release|Any CPU.ActiveCfg = Release|Any CPU
		{F0C6E84A-5A8F-4EB9-9DDC-BEFE38084A7B}.Release|Any CPU.Build.0 = Release|Any CPU
		{F0C6E84A-5A8F-4EB9-9DDC-BEFE38084A7B}.Release|ARM.ActiveCfg = Release|Any CPU
		{F0C6E84A-5A8F-4EB9-9DDC-BEFE38084A7B}.Release|ARM.Build.0 = Release|Any CPU
		{F0C6E84A-5A8F-4EB9-9DDC-BEFE38084A7B}.Release|ARM64.ActiveCfg = Release|Any CPU
		{F0C6E84A-5A8F-4EB9-9DDC-BEFE38084A7B}.Release|ARM64.Build.0 = Release|Any CPU
		{F0C6E84A-5A8F-4EB9-9DDC-BEFE38084A7B}.Release|x64.ActiveCfg = Release|Any CPU
		{F0C6E84A-5A8F-4EB9-9DDC-BEFE38084A7B}.Release|x64.Build.0 = Release|Any CPU
		{F0C6E84A-5A8F-4EB9-9DDC-BEFE38084A7B}.Release|x86.ActiveCfg = Release|Any CPU
		{F0C6E84A-5A8F-4EB9-9DDC-BEFE38084A7B}.Release|x86.Build.0 = Release|Any CPU
		{69186B2B-86D5-45ED-8825-91FAA2BB81F0}.Debug|Any CPU.ActiveCfg = Debug|Any CPU
		{69186B2B-86D5-45ED-8825-91FAA2BB81F0}.Debug|Any CPU.Build.0 = Debug|Any CPU
		{69186B2B-86D5-45ED-8825-91FAA2BB81F0}.Debug|ARM.ActiveCfg = Debug|Any CPU
		{69186B2B-86D5-45ED-8825-91FAA2BB81F0}.Debug|ARM.Build.0 = Debug|Any CPU
		{69186B2B-86D5-45ED-8825-91FAA2BB81F0}.Debug|ARM64.ActiveCfg = Debug|Any CPU
		{69186B2B-86D5-45ED-8825-91FAA2BB81F0}.Debug|ARM64.Build.0 = Debug|Any CPU
		{69186B2B-86D5-45ED-8825-91FAA2BB81F0}.Debug|x64.ActiveCfg = Debug|Any CPU
		{69186B2B-86D5-45ED-8825-91FAA2BB81F0}.Debug|x64.Build.0 = Debug|Any CPU
		{69186B2B-86D5-45ED-8825-91FAA2BB81F0}.Debug|x86.ActiveCfg = Debug|Any CPU
		{69186B2B-86D5-45ED-8825-91FAA2BB81F0}.Debug|x86.Build.0 = Debug|Any CPU
		{69186B2B-86D5-45ED-8825-91FAA2BB81F0}.Release|Any CPU.ActiveCfg = Release|Any CPU
		{69186B2B-86D5-45ED-8825-91FAA2BB81F0}.Release|Any CPU.Build.0 = Release|Any CPU
		{69186B2B-86D5-45ED-8825-91FAA2BB81F0}.Release|ARM.ActiveCfg = Release|Any CPU
		{69186B2B-86D5-45ED-8825-91FAA2BB81F0}.Release|ARM.Build.0 = Release|Any CPU
		{69186B2B-86D5-45ED-8825-91FAA2BB81F0}.Release|ARM64.ActiveCfg = Release|Any CPU
		{69186B2B-86D5-45ED-8825-91FAA2BB81F0}.Release|ARM64.Build.0 = Release|Any CPU
		{69186B2B-86D5-45ED-8825-91FAA2BB81F0}.Release|x64.ActiveCfg = Release|Any CPU
		{69186B2B-86D5-45ED-8825-91FAA2BB81F0}.Release|x64.Build.0 = Release|Any CPU
		{69186B2B-86D5-45ED-8825-91FAA2BB81F0}.Release|x86.ActiveCfg = Release|Any CPU
		{69186B2B-86D5-45ED-8825-91FAA2BB81F0}.Release|x86.Build.0 = Release|Any CPU
		{69CE24C4-B2E7-4466-B065-E9AFA32F1CF9}.Debug|Any CPU.ActiveCfg = Debug|Any CPU
		{69CE24C4-B2E7-4466-B065-E9AFA32F1CF9}.Debug|Any CPU.Build.0 = Debug|Any CPU
		{69CE24C4-B2E7-4466-B065-E9AFA32F1CF9}.Debug|ARM.ActiveCfg = Debug|Any CPU
		{69CE24C4-B2E7-4466-B065-E9AFA32F1CF9}.Debug|ARM.Build.0 = Debug|Any CPU
		{69CE24C4-B2E7-4466-B065-E9AFA32F1CF9}.Debug|ARM64.ActiveCfg = Debug|Any CPU
		{69CE24C4-B2E7-4466-B065-E9AFA32F1CF9}.Debug|ARM64.Build.0 = Debug|Any CPU
		{69CE24C4-B2E7-4466-B065-E9AFA32F1CF9}.Debug|x64.ActiveCfg = Debug|Any CPU
		{69CE24C4-B2E7-4466-B065-E9AFA32F1CF9}.Debug|x64.Build.0 = Debug|Any CPU
		{69CE24C4-B2E7-4466-B065-E9AFA32F1CF9}.Debug|x86.ActiveCfg = Debug|Any CPU
		{69CE24C4-B2E7-4466-B065-E9AFA32F1CF9}.Debug|x86.Build.0 = Debug|Any CPU
		{69CE24C4-B2E7-4466-B065-E9AFA32F1CF9}.Release|Any CPU.ActiveCfg = Release|Any CPU
		{69CE24C4-B2E7-4466-B065-E9AFA32F1CF9}.Release|Any CPU.Build.0 = Release|Any CPU
		{69CE24C4-B2E7-4466-B065-E9AFA32F1CF9}.Release|ARM.ActiveCfg = Release|Any CPU
		{69CE24C4-B2E7-4466-B065-E9AFA32F1CF9}.Release|ARM.Build.0 = Release|Any CPU
		{69CE24C4-B2E7-4466-B065-E9AFA32F1CF9}.Release|ARM64.ActiveCfg = Release|Any CPU
		{69CE24C4-B2E7-4466-B065-E9AFA32F1CF9}.Release|ARM64.Build.0 = Release|Any CPU
		{69CE24C4-B2E7-4466-B065-E9AFA32F1CF9}.Release|x64.ActiveCfg = Release|Any CPU
		{69CE24C4-B2E7-4466-B065-E9AFA32F1CF9}.Release|x64.Build.0 = Release|Any CPU
		{69CE24C4-B2E7-4466-B065-E9AFA32F1CF9}.Release|x86.ActiveCfg = Release|Any CPU
		{69CE24C4-B2E7-4466-B065-E9AFA32F1CF9}.Release|x86.Build.0 = Release|Any CPU
	EndGlobalSection
	GlobalSection(SolutionProperties) = preSolution
		HideSolutionNode = FALSE
	EndGlobalSection
	GlobalSection(NestedProjects) = preSolution
		{6038E71D-195E-4E27-81DD-0F5DDD0290C0} = {72F184F7-21FC-47CB-B5DD-EBF2B30FD7FE}
		{708DCFB5-A781-47D6-90B5-80376D1F7B9C} = {72F184F7-21FC-47CB-B5DD-EBF2B30FD7FE}
		{356BDFB9-00F9-4AD1-840D-6723AF178EDD} = {72F184F7-21FC-47CB-B5DD-EBF2B30FD7FE}
		{A4AA2A4A-593F-4882-AC83-C5436E74744D} = {72F184F7-21FC-47CB-B5DD-EBF2B30FD7FE}
		{05E996DD-556F-49AE-8EC9-700163702CC6} = {9230F001-BA11-4DF2-AB21-111DAF68D72F}
		{50079F3B-AD1F-4D66-B9C6-A151557FCC5D} = {978E66B0-0CFA-408E-B352-6021916971C8}
		{CE14CFE6-5D12-4B20-A15B-759961CE1F98} = {8161FFD7-C537-41CF-A361-75404568C887}
		{A7CCB2B3-7F6F-44B6-9A2C-660D8A8EBD75} = {01E5B6B9-4741-42A6-8942-815CC1749428}
		{967AB441-F57F-4D1C-83E8-4930441CC199} = {72F184F7-21FC-47CB-B5DD-EBF2B30FD7FE}
		{EC37B265-2B89-4114-B325-0B609369FD10} = {72F184F7-21FC-47CB-B5DD-EBF2B30FD7FE}
		{9230F001-BA11-4DF2-AB21-111DAF68D72F} = {81E82617-D748-46B4-A330-A0C0E2A30F20}
		{C224F70B-A274-4863-9C60-5EA6DF80CEAA} = {9230F001-BA11-4DF2-AB21-111DAF68D72F}
		{978E66B0-0CFA-408E-B352-6021916971C8} = {81E82617-D748-46B4-A330-A0C0E2A30F20}
		{01E5B6B9-4741-42A6-8942-815CC1749428} = {81E82617-D748-46B4-A330-A0C0E2A30F20}
		{6BFEEF86-B4B0-4E8A-894C-0BE05168E05C} = {81E82617-D748-46B4-A330-A0C0E2A30F20}
		{8161FFD7-C537-41CF-A361-75404568C887} = {81E82617-D748-46B4-A330-A0C0E2A30F20}
		{B6309237-837B-4285-A25B-79B3A913E15C} = {6BFEEF86-B4B0-4E8A-894C-0BE05168E05C}
		{60487FA3-6AF4-4AD3-9B81-474B3F02ACDF} = {8161FFD7-C537-41CF-A361-75404568C887}
		{212D4FAE-F921-4FE6-90A7-A68B8858AC93} = {01E5B6B9-4741-42A6-8942-815CC1749428}
		{8B5E2B05-87BF-4AF3-945E-D988FEDDA471} = {72F184F7-21FC-47CB-B5DD-EBF2B30FD7FE}
		{CC278902-184D-4C47-AA2B-243726777A0E} = {26FDE92D-0AA9-40EC-9EE5-BC74C13473F9}
		{26FDE92D-0AA9-40EC-9EE5-BC74C13473F9} = {81E82617-D748-46B4-A330-A0C0E2A30F20}
		{C0ACA860-07D2-42EA-8720-CD4C5B825802} = {995CB48B-7213-44A7-943A-49ED61E1D360}
		{91626741-28C5-48B9-96C3-6D0894125C5B} = {72F184F7-21FC-47CB-B5DD-EBF2B30FD7FE}
		{C40B9221-4096-4150-93A7-85D77AE29541} = {E9C1EAA0-0BD8-4FB2-ADE4-6184DE1BE279}
		{F2AE2194-C935-4CD3-9B61-78493D5E3303} = {72F184F7-21FC-47CB-B5DD-EBF2B30FD7FE}
		{7406365D-E1B2-4E93-895C-A16B989987CB} = {E9C1EAA0-0BD8-4FB2-ADE4-6184DE1BE279}
		{9B3A8879-09AD-441A-AAA5-0732B9A64E70} = {1CB0F8D7-4AB5-44A6-9C44-5AFF3B052D39}
		{C76C97AA-7719-46FF-877F-6B6F764CEC65} = {1CB0F8D7-4AB5-44A6-9C44-5AFF3B052D39}
		{AA1FD003-8B0F-4D83-9E1C-59072EC9A207} = {26FDE92D-0AA9-40EC-9EE5-BC74C13473F9}
		{1CB0F8D7-4AB5-44A6-9C44-5AFF3B052D39} = {F2AE2194-C935-4CD3-9B61-78493D5E3303}
		{E9C1EAA0-0BD8-4FB2-ADE4-6184DE1BE279} = {F2AE2194-C935-4CD3-9B61-78493D5E3303}
		{712D7671-CF6A-4BD9-85B3-F571D921C553} = {F2AE2194-C935-4CD3-9B61-78493D5E3303}
		{D4BA3AB0-90D1-4335-A6A9-D1B2684F8928} = {712D7671-CF6A-4BD9-85B3-F571D921C553}
		{DDCADC8E-05F2-4EAE-A7D2-18481537EE3F} = {81E82617-D748-46B4-A330-A0C0E2A30F20}
		{8B8A270E-B74F-4F08-A2C2-ECC7B7C2159C} = {DDCADC8E-05F2-4EAE-A7D2-18481537EE3F}
		{169A226B-D08A-4D26-A65E-0B734357DB40} = {72F184F7-21FC-47CB-B5DD-EBF2B30FD7FE}
		{E7EE6642-05AA-4965-834F-8BC62CB89B30} = {81E82617-D748-46B4-A330-A0C0E2A30F20}
		{E3F1C91B-A259-4323-A915-7DB8D6C4855B} = {E7EE6642-05AA-4965-834F-8BC62CB89B30}
		{CFD8B68C-78FC-4014-8896-CE8E28B4F406} = {81E82617-D748-46B4-A330-A0C0E2A30F20}
		{4620700B-BD19-4B3D-BEF3-735D0BC6CF75} = {CFD8B68C-78FC-4014-8896-CE8E28B4F406}
		{D239B667-018A-491C-99CE-288FB94B001B} = {CFD8B68C-78FC-4014-8896-CE8E28B4F406}
		{AC4486E4-D2F0-488E-AEB6-A8A3AD290B1D} = {1A5368B0-EF4C-4F26-AD4D-70AAF5D05799}
		{1B4827AA-944D-40A0-A66F-C846922AEB7E} = {72F184F7-21FC-47CB-B5DD-EBF2B30FD7FE}
		{7B067105-6485-4F1D-8A59-03C668871212} = {72F184F7-21FC-47CB-B5DD-EBF2B30FD7FE}
		{604E1A0F-55CE-4BC4-9DBF-82C69C1ACC9E} = {81E82617-D748-46B4-A330-A0C0E2A30F20}
		{FAA7FAD1-22C7-4A83-8D75-0FD0264FEA2D} = {604E1A0F-55CE-4BC4-9DBF-82C69C1ACC9E}
		{39A0F220-EA32-4C0E-9D01-E7E7A6013F87} = {81E82617-D748-46B4-A330-A0C0E2A30F20}
		{539543EF-E9DA-4B3A-93C3-396285B03189} = {39A0F220-EA32-4C0E-9D01-E7E7A6013F87}
		{5DA96C69-A1D4-4E04-BB54-E4F9146B7AA6} = {81E82617-D748-46B4-A330-A0C0E2A30F20}
		{5705D4E5-D1BB-4A84-BF4B-A341D380DF28} = {5DA96C69-A1D4-4E04-BB54-E4F9146B7AA6}
		{7DF4BDF5-E894-421C-99F1-612E3DDDBB25} = {5DA96C69-A1D4-4E04-BB54-E4F9146B7AA6}
		{16CFE68D-187E-4606-873C-2A9537F63B4D} = {1A5368B0-EF4C-4F26-AD4D-70AAF5D05799}
		{D4FF0488-8E17-4371-BA8F-2C4F2E643BEB} = {712D7671-CF6A-4BD9-85B3-F571D921C553}
		{E68DAAEF-813D-496F-8A70-FE7620554DDE} = {6AAC1F10-63EF-4E51-9438-D2D2728147C4}
		{ADFF577C-DF60-48F7-ADD6-9BE7B1D1FA42} = {6AAC1F10-63EF-4E51-9438-D2D2728147C4}
		{257B71E5-4316-4E4C-AFF5-92A971139C41} = {72F184F7-21FC-47CB-B5DD-EBF2B30FD7FE}
		{F165565D-6E5B-42CA-9452-C4BA061585A5} = {995CB48B-7213-44A7-943A-49ED61E1D360}
		{6AAC1F10-63EF-4E51-9438-D2D2728147C4} = {81E82617-D748-46B4-A330-A0C0E2A30F20}
		{705561B0-81E3-4096-A056-BEC9943532A9} = {F2AE2194-C935-4CD3-9B61-78493D5E3303}
		{F0C6E84A-5A8F-4EB9-9DDC-BEFE38084A7B} = {F2AE2194-C935-4CD3-9B61-78493D5E3303}
		{69186B2B-86D5-45ED-8825-91FAA2BB81F0} = {72F184F7-21FC-47CB-B5DD-EBF2B30FD7FE}
		{69CE24C4-B2E7-4466-B065-E9AFA32F1CF9} = {712D7671-CF6A-4BD9-85B3-F571D921C553}
	EndGlobalSection
	GlobalSection(ExtensibilityGlobals) = postSolution
		SolutionGuid = {F1F28330-7D97-4A2C-B512-365B2FC281A8}
	EndGlobalSection
EndGlobal
