
Microsoft Visual Studio Solution File, Format Version 12.00
# Visual Studio Version 17
VisualStudioVersion = 17.5.33424.131
MinimumVisualStudioVersion = 10.0.40219.1
Project("{9A19103F-16F7-4668-BE54-9A1E7A4F7556}") = "A3Synch", "OpenDMS.A3Synch.API\A3Synch.csproj", "{82277D62-9335-4081-9F90-CD0F1B07D37E}"
EndProject
Global
	GlobalSection(SolutionConfigurationPlatforms) = preSolution
		Debug|Any CPU = Debug|Any CPU
		Release|Any CPU = Release|Any CPU
	EndGlobalSection
	GlobalSection(ProjectConfigurationPlatforms) = postSolution
		{82277D62-9335-4081-9F90-CD0F1B07D37E}.Debug|Any CPU.ActiveCfg = Debug|Any CPU
		{82277D62-9335-4081-9F90-CD0F1B07D37E}.Debug|Any CPU.Build.0 = Debug|Any CPU
		{82277D62-9335-4081-9F90-CD0F1B07D37E}.Release|Any CPU.ActiveCfg = Release|Any CPU
		{82277D62-9335-4081-9F90-CD0F1B07D37E}.Release|Any CPU.Build.0 = Release|Any CPU
	EndGlobalSection
	GlobalSection(SolutionProperties) = preSolution
		HideSolutionNode = FALSE
	EndGlobalSection
	GlobalSection(ExtensibilityGlobals) = postSolution
		SolutionGuid = {798576ED-AA87-406F-94D1-03D93C5B626B}
	EndGlobalSection
EndGlobal
