
Microsoft Visual Studio Solution File, Format Version 12.00
# Visual Studio Version 17
VisualStudioVersion = 17.4.33205.214
MinimumVisualStudioVersion = 10.0.40219.1
Project("{2150E333-8FDC-42A3-9474-1A3956D46DE8}") = "OpenDMS", "OpenDMS", "{72F184F7-21FC-47CB-B5DD-EBF2B30FD7FE}"
EndProject
Project("{9A19103F-16F7-4668-BE54-9A1E7A4F7556}") = "OpenDMS.Core", "..\Core\OpenDMS.Core\OpenDMS.Core.csproj", "{6038E71D-195E-4E27-81DD-0F5DDD0290C0}"
EndProject
Project("{9A19103F-16F7-4668-BE54-9A1E7A4F7556}") = "OpenDMS.Domain", "..\Core\OpenDMS.Domain\OpenDMS.Domain.csproj", "{708DCFB5-A781-47D6-90B5-80376D1F7B9C}"
EndProject
Project("{9A19103F-16F7-4668-BE54-9A1E7A4F7556}") = "OpenDMS.Infrastructure.Database", "..\Core\OpenDMS.Infrastructure.Database\OpenDMS.Infrastructure.Database.csproj", "{356BDFB9-00F9-4AD1-840D-6723AF178EDD}"
EndProject
Project("{2150E333-8FDC-42A3-9474-1A3956D46DE8}") = "Tests", "Tests", "{C94ECAB8-F060-48FF-B7ED-68C704B47F57}"
EndProject
Project("{2150E333-8FDC-42A3-9474-1A3956D46DE8}") = "Elmi", "Elmi", "{1394BCCF-E1C1-4B2D-9103-78357521DC3F}"
EndProject
Project("{2150E333-8FDC-42A3-9474-1A3956D46DE8}") = "API", "API", "{81E82617-D748-46B4-A330-A0C0E2A30F20}"
EndProject
Project("{9A19103F-16F7-4668-BE54-9A1E7A4F7556}") = "Elmi.Core.VirtualFileSystem", "..\..\Componenti Riutilizzabili\Elmi.Core.VirtualFileSystem\Elmi.Core.VirtualFileSystem\Elmi.Core.VirtualFileSystem.csproj", "{1756EA3C-4450-4DF7-A3DE-5AF71FD2C46D}"
EndProject
Project("{9A19103F-16F7-4668-BE54-9A1E7A4F7556}") = "OpenDMS.TenantManager.API", "OpenDMS.TenantManager.API\OpenDMS.TenantManager.API\OpenDMS.TenantManager.API.csproj", "{05E996DD-556F-49AE-8EC9-700163702CC6}"
EndProject
Project("{9A19103F-16F7-4668-BE54-9A1E7A4F7556}") = "OpenDMS.Search.API", "OpenDMS.Search.API\OpenDMS.Search.API\OpenDMS.Search.API.csproj", "{86932EC4-A2F6-4543-AA21-BEFC9510E1C7}"
EndProject
Project("{9A19103F-16F7-4668-BE54-9A1E7A4F7556}") = "OpenDMS.Preview.API", "OpenDMS.Preview.API\OpenDMS.Preview.API\OpenDMS.Preview.API.csproj", "{50079F3B-AD1F-4D66-B9C6-A151557FCC5D}"
EndProject
Project("{9A19103F-16F7-4668-BE54-9A1E7A4F7556}") = "OpenDMS.Identity.API", "OpenDMS.Identity.API\OpenDMS.Identity.API\OpenDMS.Identity.API.csproj", "{CE14CFE6-5D12-4B20-A15B-759961CE1F98}"
EndProject
Project("{9A19103F-16F7-4668-BE54-9A1E7A4F7556}") = "OpenDMS.Document.API", "OpenDMS.Document.API\OpenDMS.Document.API\OpenDMS.Document.API.csproj", "{A7CCB2B3-7F6F-44B6-9A2C-660D8A8EBD75}"
EndProject
Project("{9A19103F-16F7-4668-BE54-9A1E7A4F7556}") = "OpenDMS.MultiTenancy", "..\Core\OpenDMS.MultiTenancy\OpenDMS.MultiTenancy.csproj", "{967AB441-F57F-4D1C-83E8-4930441CC199}"
EndProject
Project("{9A19103F-16F7-4668-BE54-9A1E7A4F7556}") = "OpenDMS.Contacts", "..\Modules\Contacts\OpenDMS.Contacts\OpenDMS.Contacts.csproj", "{40F554A5-DE0A-4E70-AE76-9F2D9ECB3975}"
EndProject
Project("{9A19103F-16F7-4668-BE54-9A1E7A4F7556}") = "OpenDMS.PostIT", "..\Modules\PostIt\OpenDMS.PostIT\OpenDMS.PostIT.csproj", "{2C175102-5153-4FE4-A187-F2DC93A25B26}"
EndProject
Project("{9A19103F-16F7-4668-BE54-9A1E7A4F7556}") = "OpenDMS.TaskList", "..\Modules\TaskList\OpenDMS.TaskList\OpenDMS.TaskList.csproj", "{8D2D0137-D139-411B-A986-EA109DB19E73}"
EndProject
Project("{2150E333-8FDC-42A3-9474-1A3956D46DE8}") = "Modules", "Modules", "{B6D07CEB-06FD-474B-BC52-4CBD7FFD6321}"
EndProject
Project("{9A19103F-16F7-4668-BE54-9A1E7A4F7556}") = "OpenDMS.Admin.API", "OpenDMS.Admin.API\OpenDMS.Admin.API\OpenDMS.Admin.API.csproj", "{6BD34971-98D2-40B9-97D5-212756C92CE3}"
EndProject
Project("{9A19103F-16F7-4668-BE54-9A1E7A4F7556}") = "OpenDMS.Infrastructure.Database.Tests", "..\Core\Tests\OpenDMS.Infrastructure.Database.Tests\OpenDMS.Infrastructure.Database.Tests.csproj", "{93C0C1A0-05A2-4D22-8B78-21EFDC25AEA8}"
EndProject
Global
	GlobalSection(SolutionConfigurationPlatforms) = preSolution
		Debug|Any CPU = Debug|Any CPU
		Debug|x86 = Debug|x86
		Release|Any CPU = Release|Any CPU
		Release|x86 = Release|x86
	EndGlobalSection
	GlobalSection(ProjectConfigurationPlatforms) = postSolution
		{6038E71D-195E-4E27-81DD-0F5DDD0290C0}.Debug|Any CPU.ActiveCfg = Debug|Any CPU
		{6038E71D-195E-4E27-81DD-0F5DDD0290C0}.Debug|Any CPU.Build.0 = Debug|Any CPU
		{6038E71D-195E-4E27-81DD-0F5DDD0290C0}.Debug|x86.ActiveCfg = Debug|Any CPU
		{6038E71D-195E-4E27-81DD-0F5DDD0290C0}.Debug|x86.Build.0 = Debug|Any CPU
		{6038E71D-195E-4E27-81DD-0F5DDD0290C0}.Release|Any CPU.ActiveCfg = Release|Any CPU
		{6038E71D-195E-4E27-81DD-0F5DDD0290C0}.Release|Any CPU.Build.0 = Release|Any CPU
		{6038E71D-195E-4E27-81DD-0F5DDD0290C0}.Release|x86.ActiveCfg = Release|Any CPU
		{6038E71D-195E-4E27-81DD-0F5DDD0290C0}.Release|x86.Build.0 = Release|Any CPU
		{708DCFB5-A781-47D6-90B5-80376D1F7B9C}.Debug|Any CPU.ActiveCfg = Debug|Any CPU
		{708DCFB5-A781-47D6-90B5-80376D1F7B9C}.Debug|Any CPU.Build.0 = Debug|Any CPU
		{708DCFB5-A781-47D6-90B5-80376D1F7B9C}.Debug|x86.ActiveCfg = Debug|Any CPU
		{708DCFB5-A781-47D6-90B5-80376D1F7B9C}.Debug|x86.Build.0 = Debug|Any CPU
		{708DCFB5-A781-47D6-90B5-80376D1F7B9C}.Release|Any CPU.ActiveCfg = Release|Any CPU
		{708DCFB5-A781-47D6-90B5-80376D1F7B9C}.Release|Any CPU.Build.0 = Release|Any CPU
		{708DCFB5-A781-47D6-90B5-80376D1F7B9C}.Release|x86.ActiveCfg = Release|Any CPU
		{708DCFB5-A781-47D6-90B5-80376D1F7B9C}.Release|x86.Build.0 = Release|Any CPU
		{356BDFB9-00F9-4AD1-840D-6723AF178EDD}.Debug|Any CPU.ActiveCfg = Debug|Any CPU
		{356BDFB9-00F9-4AD1-840D-6723AF178EDD}.Debug|Any CPU.Build.0 = Debug|Any CPU
		{356BDFB9-00F9-4AD1-840D-6723AF178EDD}.Debug|x86.ActiveCfg = Debug|Any CPU
		{356BDFB9-00F9-4AD1-840D-6723AF178EDD}.Debug|x86.Build.0 = Debug|Any CPU
		{356BDFB9-00F9-4AD1-840D-6723AF178EDD}.Release|Any CPU.ActiveCfg = Release|Any CPU
		{356BDFB9-00F9-4AD1-840D-6723AF178EDD}.Release|Any CPU.Build.0 = Release|Any CPU
		{356BDFB9-00F9-4AD1-840D-6723AF178EDD}.Release|x86.ActiveCfg = Release|Any CPU
		{356BDFB9-00F9-4AD1-840D-6723AF178EDD}.Release|x86.Build.0 = Release|Any CPU
		{1756EA3C-4450-4DF7-A3DE-5AF71FD2C46D}.Debug|Any CPU.ActiveCfg = Debug|Any CPU
		{1756EA3C-4450-4DF7-A3DE-5AF71FD2C46D}.Debug|Any CPU.Build.0 = Debug|Any CPU
		{1756EA3C-4450-4DF7-A3DE-5AF71FD2C46D}.Debug|x86.ActiveCfg = Debug|Any CPU
		{1756EA3C-4450-4DF7-A3DE-5AF71FD2C46D}.Debug|x86.Build.0 = Debug|Any CPU
		{1756EA3C-4450-4DF7-A3DE-5AF71FD2C46D}.Release|Any CPU.ActiveCfg = Release|Any CPU
		{1756EA3C-4450-4DF7-A3DE-5AF71FD2C46D}.Release|Any CPU.Build.0 = Release|Any CPU
		{1756EA3C-4450-4DF7-A3DE-5AF71FD2C46D}.Release|x86.ActiveCfg = Release|Any CPU
		{1756EA3C-4450-4DF7-A3DE-5AF71FD2C46D}.Release|x86.Build.0 = Release|Any CPU
		{05E996DD-556F-49AE-8EC9-700163702CC6}.Debug|Any CPU.ActiveCfg = Debug|Any CPU
		{05E996DD-556F-49AE-8EC9-700163702CC6}.Debug|Any CPU.Build.0 = Debug|Any CPU
		{05E996DD-556F-49AE-8EC9-700163702CC6}.Debug|x86.ActiveCfg = Debug|Any CPU
		{05E996DD-556F-49AE-8EC9-700163702CC6}.Debug|x86.Build.0 = Debug|Any CPU
		{05E996DD-556F-49AE-8EC9-700163702CC6}.Release|Any CPU.ActiveCfg = Release|Any CPU
		{05E996DD-556F-49AE-8EC9-700163702CC6}.Release|Any CPU.Build.0 = Release|Any CPU
		{05E996DD-556F-49AE-8EC9-700163702CC6}.Release|x86.ActiveCfg = Release|Any CPU
		{05E996DD-556F-49AE-8EC9-700163702CC6}.Release|x86.Build.0 = Release|Any CPU
		{86932EC4-A2F6-4543-AA21-BEFC9510E1C7}.Debug|Any CPU.ActiveCfg = Debug|Any CPU
		{86932EC4-A2F6-4543-AA21-BEFC9510E1C7}.Debug|Any CPU.Build.0 = Debug|Any CPU
		{86932EC4-A2F6-4543-AA21-BEFC9510E1C7}.Debug|x86.ActiveCfg = Debug|Any CPU
		{86932EC4-A2F6-4543-AA21-BEFC9510E1C7}.Debug|x86.Build.0 = Debug|Any CPU
		{86932EC4-A2F6-4543-AA21-BEFC9510E1C7}.Release|Any CPU.ActiveCfg = Release|Any CPU
		{86932EC4-A2F6-4543-AA21-BEFC9510E1C7}.Release|Any CPU.Build.0 = Release|Any CPU
		{86932EC4-A2F6-4543-AA21-BEFC9510E1C7}.Release|x86.ActiveCfg = Release|Any CPU
		{86932EC4-A2F6-4543-AA21-BEFC9510E1C7}.Release|x86.Build.0 = Release|Any CPU
		{50079F3B-AD1F-4D66-B9C6-A151557FCC5D}.Debug|Any CPU.ActiveCfg = Debug|Any CPU
		{50079F3B-AD1F-4D66-B9C6-A151557FCC5D}.Debug|Any CPU.Build.0 = Debug|Any CPU
		{50079F3B-AD1F-4D66-B9C6-A151557FCC5D}.Debug|x86.ActiveCfg = Debug|Any CPU
		{50079F3B-AD1F-4D66-B9C6-A151557FCC5D}.Debug|x86.Build.0 = Debug|Any CPU
		{50079F3B-AD1F-4D66-B9C6-A151557FCC5D}.Release|Any CPU.ActiveCfg = Release|Any CPU
		{50079F3B-AD1F-4D66-B9C6-A151557FCC5D}.Release|Any CPU.Build.0 = Release|Any CPU
		{50079F3B-AD1F-4D66-B9C6-A151557FCC5D}.Release|x86.ActiveCfg = Release|Any CPU
		{50079F3B-AD1F-4D66-B9C6-A151557FCC5D}.Release|x86.Build.0 = Release|Any CPU
		{CE14CFE6-5D12-4B20-A15B-759961CE1F98}.Debug|Any CPU.ActiveCfg = Debug|Any CPU
		{CE14CFE6-5D12-4B20-A15B-759961CE1F98}.Debug|Any CPU.Build.0 = Debug|Any CPU
		{CE14CFE6-5D12-4B20-A15B-759961CE1F98}.Debug|x86.ActiveCfg = Debug|Any CPU
		{CE14CFE6-5D12-4B20-A15B-759961CE1F98}.Debug|x86.Build.0 = Debug|Any CPU
		{CE14CFE6-5D12-4B20-A15B-759961CE1F98}.Release|Any CPU.ActiveCfg = Release|Any CPU
		{CE14CFE6-5D12-4B20-A15B-759961CE1F98}.Release|Any CPU.Build.0 = Release|Any CPU
		{CE14CFE6-5D12-4B20-A15B-759961CE1F98}.Release|x86.ActiveCfg = Release|Any CPU
		{CE14CFE6-5D12-4B20-A15B-759961CE1F98}.Release|x86.Build.0 = Release|Any CPU
		{A7CCB2B3-7F6F-44B6-9A2C-660D8A8EBD75}.Debug|Any CPU.ActiveCfg = Debug|Any CPU
		{A7CCB2B3-7F6F-44B6-9A2C-660D8A8EBD75}.Debug|Any CPU.Build.0 = Debug|Any CPU
		{A7CCB2B3-7F6F-44B6-9A2C-660D8A8EBD75}.Debug|x86.ActiveCfg = Debug|Any CPU
		{A7CCB2B3-7F6F-44B6-9A2C-660D8A8EBD75}.Debug|x86.Build.0 = Debug|Any CPU
		{A7CCB2B3-7F6F-44B6-9A2C-660D8A8EBD75}.Release|Any CPU.ActiveCfg = Release|Any CPU
		{A7CCB2B3-7F6F-44B6-9A2C-660D8A8EBD75}.Release|Any CPU.Build.0 = Release|Any CPU
		{A7CCB2B3-7F6F-44B6-9A2C-660D8A8EBD75}.Release|x86.ActiveCfg = Release|Any CPU
		{A7CCB2B3-7F6F-44B6-9A2C-660D8A8EBD75}.Release|x86.Build.0 = Release|Any CPU
		{967AB441-F57F-4D1C-83E8-4930441CC199}.Debug|Any CPU.ActiveCfg = Debug|Any CPU
		{967AB441-F57F-4D1C-83E8-4930441CC199}.Debug|Any CPU.Build.0 = Debug|Any CPU
		{967AB441-F57F-4D1C-83E8-4930441CC199}.Debug|x86.ActiveCfg = Debug|Any CPU
		{967AB441-F57F-4D1C-83E8-4930441CC199}.Debug|x86.Build.0 = Debug|Any CPU
		{967AB441-F57F-4D1C-83E8-4930441CC199}.Release|Any CPU.ActiveCfg = Release|Any CPU
		{967AB441-F57F-4D1C-83E8-4930441CC199}.Release|Any CPU.Build.0 = Release|Any CPU
		{967AB441-F57F-4D1C-83E8-4930441CC199}.Release|x86.ActiveCfg = Release|Any CPU
		{967AB441-F57F-4D1C-83E8-4930441CC199}.Release|x86.Build.0 = Release|Any CPU
		{40F554A5-DE0A-4E70-AE76-9F2D9ECB3975}.Debug|Any CPU.ActiveCfg = Debug|Any CPU
		{40F554A5-DE0A-4E70-AE76-9F2D9ECB3975}.Debug|Any CPU.Build.0 = Debug|Any CPU
		{40F554A5-DE0A-4E70-AE76-9F2D9ECB3975}.Debug|x86.ActiveCfg = Debug|Any CPU
		{40F554A5-DE0A-4E70-AE76-9F2D9ECB3975}.Debug|x86.Build.0 = Debug|Any CPU
		{40F554A5-DE0A-4E70-AE76-9F2D9ECB3975}.Release|Any CPU.ActiveCfg = Release|Any CPU
		{40F554A5-DE0A-4E70-AE76-9F2D9ECB3975}.Release|Any CPU.Build.0 = Release|Any CPU
		{40F554A5-DE0A-4E70-AE76-9F2D9ECB3975}.Release|x86.ActiveCfg = Release|Any CPU
		{40F554A5-DE0A-4E70-AE76-9F2D9ECB3975}.Release|x86.Build.0 = Release|Any CPU
		{2C175102-5153-4FE4-A187-F2DC93A25B26}.Debug|Any CPU.ActiveCfg = Debug|Any CPU
		{2C175102-5153-4FE4-A187-F2DC93A25B26}.Debug|Any CPU.Build.0 = Debug|Any CPU
		{2C175102-5153-4FE4-A187-F2DC93A25B26}.Debug|x86.ActiveCfg = Debug|Any CPU
		{2C175102-5153-4FE4-A187-F2DC93A25B26}.Debug|x86.Build.0 = Debug|Any CPU
		{2C175102-5153-4FE4-A187-F2DC93A25B26}.Release|Any CPU.ActiveCfg = Release|Any CPU
		{2C175102-5153-4FE4-A187-F2DC93A25B26}.Release|Any CPU.Build.0 = Release|Any CPU
		{2C175102-5153-4FE4-A187-F2DC93A25B26}.Release|x86.ActiveCfg = Release|Any CPU
		{2C175102-5153-4FE4-A187-F2DC93A25B26}.Release|x86.Build.0 = Release|Any CPU
		{8D2D0137-D139-411B-A986-EA109DB19E73}.Debug|Any CPU.ActiveCfg = Debug|Any CPU
		{8D2D0137-D139-411B-A986-EA109DB19E73}.Debug|Any CPU.Build.0 = Debug|Any CPU
		{8D2D0137-D139-411B-A986-EA109DB19E73}.Debug|x86.ActiveCfg = Debug|Any CPU
		{8D2D0137-D139-411B-A986-EA109DB19E73}.Debug|x86.Build.0 = Debug|Any CPU
		{8D2D0137-D139-411B-A986-EA109DB19E73}.Release|Any CPU.ActiveCfg = Release|Any CPU
		{8D2D0137-D139-411B-A986-EA109DB19E73}.Release|Any CPU.Build.0 = Release|Any CPU
		{8D2D0137-D139-411B-A986-EA109DB19E73}.Release|x86.ActiveCfg = Release|Any CPU
		{8D2D0137-D139-411B-A986-EA109DB19E73}.Release|x86.Build.0 = Release|Any CPU
		{6BD34971-98D2-40B9-97D5-212756C92CE3}.Debug|Any CPU.ActiveCfg = Debug|Any CPU
		{6BD34971-98D2-40B9-97D5-212756C92CE3}.Debug|Any CPU.Build.0 = Debug|Any CPU
		{6BD34971-98D2-40B9-97D5-212756C92CE3}.Debug|x86.ActiveCfg = Debug|Any CPU
		{6BD34971-98D2-40B9-97D5-212756C92CE3}.Debug|x86.Build.0 = Debug|Any CPU
		{6BD34971-98D2-40B9-97D5-212756C92CE3}.Release|Any CPU.ActiveCfg = Release|Any CPU
		{6BD34971-98D2-40B9-97D5-212756C92CE3}.Release|Any CPU.Build.0 = Release|Any CPU
		{6BD34971-98D2-40B9-97D5-212756C92CE3}.Release|x86.ActiveCfg = Release|Any CPU
		{6BD34971-98D2-40B9-97D5-212756C92CE3}.Release|x86.Build.0 = Release|Any CPU
		{93C0C1A0-05A2-4D22-8B78-21EFDC25AEA8}.Debug|Any CPU.ActiveCfg = Debug|Any CPU
		{93C0C1A0-05A2-4D22-8B78-21EFDC25AEA8}.Debug|Any CPU.Build.0 = Debug|Any CPU
		{93C0C1A0-05A2-4D22-8B78-21EFDC25AEA8}.Debug|x86.ActiveCfg = Debug|Any CPU
		{93C0C1A0-05A2-4D22-8B78-21EFDC25AEA8}.Debug|x86.Build.0 = Debug|Any CPU
		{93C0C1A0-05A2-4D22-8B78-21EFDC25AEA8}.Release|Any CPU.ActiveCfg = Release|Any CPU
		{93C0C1A0-05A2-4D22-8B78-21EFDC25AEA8}.Release|Any CPU.Build.0 = Release|Any CPU
		{93C0C1A0-05A2-4D22-8B78-21EFDC25AEA8}.Release|x86.ActiveCfg = Release|Any CPU
		{93C0C1A0-05A2-4D22-8B78-21EFDC25AEA8}.Release|x86.Build.0 = Release|Any CPU
	EndGlobalSection
	GlobalSection(SolutionProperties) = preSolution
		HideSolutionNode = FALSE
	EndGlobalSection
	GlobalSection(NestedProjects) = preSolution
		{6038E71D-195E-4E27-81DD-0F5DDD0290C0} = {72F184F7-21FC-47CB-B5DD-EBF2B30FD7FE}
		{708DCFB5-A781-47D6-90B5-80376D1F7B9C} = {72F184F7-21FC-47CB-B5DD-EBF2B30FD7FE}
		{356BDFB9-00F9-4AD1-840D-6723AF178EDD} = {72F184F7-21FC-47CB-B5DD-EBF2B30FD7FE}
		{C94ECAB8-F060-48FF-B7ED-68C704B47F57} = {72F184F7-21FC-47CB-B5DD-EBF2B30FD7FE}
		{1756EA3C-4450-4DF7-A3DE-5AF71FD2C46D} = {1394BCCF-E1C1-4B2D-9103-78357521DC3F}
		{05E996DD-556F-49AE-8EC9-700163702CC6} = {81E82617-D748-46B4-A330-A0C0E2A30F20}
		{86932EC4-A2F6-4543-AA21-BEFC9510E1C7} = {81E82617-D748-46B4-A330-A0C0E2A30F20}
		{50079F3B-AD1F-4D66-B9C6-A151557FCC5D} = {81E82617-D748-46B4-A330-A0C0E2A30F20}
		{CE14CFE6-5D12-4B20-A15B-759961CE1F98} = {81E82617-D748-46B4-A330-A0C0E2A30F20}
		{A7CCB2B3-7F6F-44B6-9A2C-660D8A8EBD75} = {81E82617-D748-46B4-A330-A0C0E2A30F20}
		{967AB441-F57F-4D1C-83E8-4930441CC199} = {72F184F7-21FC-47CB-B5DD-EBF2B30FD7FE}
		{40F554A5-DE0A-4E70-AE76-9F2D9ECB3975} = {B6D07CEB-06FD-474B-BC52-4CBD7FFD6321}
		{2C175102-5153-4FE4-A187-F2DC93A25B26} = {B6D07CEB-06FD-474B-BC52-4CBD7FFD6321}
		{8D2D0137-D139-411B-A986-EA109DB19E73} = {B6D07CEB-06FD-474B-BC52-4CBD7FFD6321}
		{6BD34971-98D2-40B9-97D5-212756C92CE3} = {81E82617-D748-46B4-A330-A0C0E2A30F20}
		{93C0C1A0-05A2-4D22-8B78-21EFDC25AEA8} = {C94ECAB8-F060-48FF-B7ED-68C704B47F57}
	EndGlobalSection
	GlobalSection(ExtensibilityGlobals) = postSolution
		SolutionGuid = {F1F28330-7D97-4A2C-B512-365B2FC281A8}
	EndGlobalSection
EndGlobal
